// !$*UTF8*$!
{
	archiveVersion = 1;
	classes = {
	};
	objectVersion = 45;
	objects = {

/* Begin PBXBuildFile section */
		1D3623260D0F684500981E51 /* ForgetMeNotAppDelegate.m in Sources */ = {isa = PBXBuildFile; fileRef = 1D3623250D0F684500981E51 /* ForgetMeNotAppDelegate.m */; };
		1D60589B0D05DD56006BFB54 /* main.m in Sources */ = {isa = PBXBuildFile; fileRef = 29B97316FDCFA39411CA2CEA /* main.m */; };
		1D60589F0D05DD5A006BFB54 /* Foundation.framework in Frameworks */ = {isa = PBXBuildFile; fileRef = 1D30AB110D05D00D00671497 /* Foundation.framework */; };
		1DF5F4E00D08C38300B7A737 /* UIKit.framework in Frameworks */ = {isa = PBXBuildFile; fileRef = 1DF5F4DF0D08C38300B7A737 /* UIKit.framework */; };
		2892E4100DC94CBA00A64D0F /* CoreGraphics.framework in Frameworks */ = {isa = PBXBuildFile; fileRef = 2892E40F0DC94CBA00A64D0F /* CoreGraphics.framework */; };
		28AD73600D9D9599002E5188 /* MainWindow.xib in Resources */ = {isa = PBXBuildFile; fileRef = 28AD735F0D9D9599002E5188 /* MainWindow.xib */; };
		3A25AEAE0FA94A4000BCD866 /* keyword_background.png in Resources */ = {isa = PBXBuildFile; fileRef = 3A25AEAD0FA94A4000BCD866 /* keyword_background.png */; };
		3A25E1760F9F35B000591131 /* SettingsFactTypesController.m in Sources */ = {isa = PBXBuildFile; fileRef = 3A25E1750F9F35B000591131 /* SettingsFactTypesController.m */; };
		3A25E1790F9F35F300591131 /* SettingsFactTypesController.xib in Resources */ = {isa = PBXBuildFile; fileRef = 3A25E1780F9F35F300591131 /* SettingsFactTypesController.xib */; };
		3A25E1D70FA007B200591131 /* empty_friend.png in Resources */ = {isa = PBXBuildFile; fileRef = 3A25E1D60FA007B200591131 /* empty_friend.png */; };
		3A364D1B0F9DFEA80070357D /* settings_cell_bottom.png in Resources */ = {isa = PBXBuildFile; fileRef = 3A364D130F9DFEA80070357D /* settings_cell_bottom.png */; };
		3A364D1C0F9DFEA80070357D /* settings_cell_bottom_selected.png in Resources */ = {isa = PBXBuildFile; fileRef = 3A364D140F9DFEA80070357D /* settings_cell_bottom_selected.png */; };
		3A364D1D0F9DFEA80070357D /* settings_cell_middle.png in Resources */ = {isa = PBXBuildFile; fileRef = 3A364D150F9DFEA80070357D /* settings_cell_middle.png */; };
		3A364D1E0F9DFEA80070357D /* settings_cell_middle_selected.png in Resources */ = {isa = PBXBuildFile; fileRef = 3A364D160F9DFEA80070357D /* settings_cell_middle_selected.png */; };
		3A364D1F0F9DFEA80070357D /* settings_cell_top.png in Resources */ = {isa = PBXBuildFile; fileRef = 3A364D170F9DFEA80070357D /* settings_cell_top.png */; };
		3A364D200F9DFEA80070357D /* settings_cell_top_selected.png in Resources */ = {isa = PBXBuildFile; fileRef = 3A364D180F9DFEA80070357D /* settings_cell_top_selected.png */; };
		3A364D210F9DFEA80070357D /* settings_cell_unique.png in Resources */ = {isa = PBXBuildFile; fileRef = 3A364D190F9DFEA80070357D /* settings_cell_unique.png */; };
		3A364D220F9DFEA80070357D /* settings_cell_unique_selected.png in Resources */ = {isa = PBXBuildFile; fileRef = 3A364D1A0F9DFEA80070357D /* settings_cell_unique_selected.png */; };
		3A364D650F9E05840070357D /* SettingsCell.m in Sources */ = {isa = PBXBuildFile; fileRef = 3A364D620F9E05830070357D /* SettingsCell.m */; };
		3A364D660F9E05840070357D /* SettingsCellView.m in Sources */ = {isa = PBXBuildFile; fileRef = 3A364D640F9E05840070357D /* SettingsCellView.m */; };
		3A3B50120F943AE5004ECC37 /* toolbar_settings.png in Resources */ = {isa = PBXBuildFile; fileRef = 3A3B50110F943AE5004ECC37 /* toolbar_settings.png */; };
		3A4CC49F0FAC6C2300A833F8 /* RoundedLabelView.m in Sources */ = {isa = PBXBuildFile; fileRef = 3A4CC49E0FAC6C2300A833F8 /* RoundedLabelView.m */; };
		3A52423C0F9E11810071C6C0 /* settings_arrow.png in Resources */ = {isa = PBXBuildFile; fileRef = 3A52423B0F9E11810071C6C0 /* settings_arrow.png */; };
		3A692BD10F9F23B200E30A2F /* fact_types.png in Resources */ = {isa = PBXBuildFile; fileRef = 3A692BCF0F9F23B200E30A2F /* fact_types.png */; };
		3A692BD50F9F23C200E30A2F /* online_credentials.png in Resources */ = {isa = PBXBuildFile; fileRef = 3A692BD40F9F23C200E30A2F /* online_credentials.png */; };
		3A692BD90F9F23D500E30A2F /* online_mode.png in Resources */ = {isa = PBXBuildFile; fileRef = 3A692BD80F9F23D500E30A2F /* online_mode.png */; };
		3A692BDD0F9F23DF00E30A2F /* something_here.png in Resources */ = {isa = PBXBuildFile; fileRef = 3A692BDC0F9F23DF00E30A2F /* something_here.png */; };
		3A692BE10F9F23F700E30A2F /* your_infos.png in Resources */ = {isa = PBXBuildFile; fileRef = 3A692BE00F9F23F700E30A2F /* your_infos.png */; };
		3A9638640F8DBA8800FB643F /* QuartzCore.framework in Frameworks */ = {isa = PBXBuildFile; fileRef = 3A9638630F8DBA8800FB643F /* QuartzCore.framework */; };
		3A9638660F8DBA8E00FB643F /* MapKit.framework in Frameworks */ = {isa = PBXBuildFile; fileRef = 3A9638650F8DBA8E00FB643F /* MapKit.framework */; };
		3A9638680F8DBA9800FB643F /* CoreFoundation.framework in Frameworks */ = {isa = PBXBuildFile; fileRef = 3A9638670F8DBA9800FB643F /* CoreFoundation.framework */; };
		3A96386A0F8DBAB200FB643F /* AddressBook.framework in Frameworks */ = {isa = PBXBuildFile; fileRef = 3A9638690F8DBAB200FB643F /* AddressBook.framework */; };
		3A96386E0F8DBAB700FB643F /* AddressBookUI.framework in Frameworks */ = {isa = PBXBuildFile; fileRef = 3A96386D0F8DBAB700FB643F /* AddressBookUI.framework */; };
		3A9638720F8DBABC00FB643F /* CFNetwork.framework in Frameworks */ = {isa = PBXBuildFile; fileRef = 3A9638710F8DBABC00FB643F /* CFNetwork.framework */; };
		3A9638740F8DBAD300FB643F /* CoreData.framework in Frameworks */ = {isa = PBXBuildFile; fileRef = 3A9638730F8DBAD300FB643F /* CoreData.framework */; };
		3A9638760F8DBAD300FB643F /* CoreLocation.framework in Frameworks */ = {isa = PBXBuildFile; fileRef = 3A9638750F8DBAD300FB643F /* CoreLocation.framework */; };
		3A9638780F8DBAD300FB643F /* SystemConfiguration.framework in Frameworks */ = {isa = PBXBuildFile; fileRef = 3A9638770F8DBAD300FB643F /* SystemConfiguration.framework */; };
		3A96392F0F8DBD2600FB643F /* CoreDataUtils.m in Sources */ = {isa = PBXBuildFile; fileRef = 3A9639280F8DBD2600FB643F /* CoreDataUtils.m */; };
		3A9639300F8DBD2600FB643F /* mk.m in Sources */ = {isa = PBXBuildFile; fileRef = 3A96392A0F8DBD2600FB643F /* mk.m */; };
		3A9639310F8DBD2600FB643F /* Base64.m in Sources */ = {isa = PBXBuildFile; fileRef = 3A96392C0F8DBD2600FB643F /* Base64.m */; };
		3A9639320F8DBD2600FB643F /* NSHTTPCookieAdditions.m in Sources */ = {isa = PBXBuildFile; fileRef = 3A96392E0F8DBD2600FB643F /* NSHTTPCookieAdditions.m */; };
		3A96393E0F8DBD9600FB643F /* Reachability.m in Sources */ = {isa = PBXBuildFile; fileRef = 3A96393D0F8DBD9600FB643F /* Reachability.m */; };
		3A9639510F8DBE1E00FB643F /* SBJSON.m in Sources */ = {isa = PBXBuildFile; fileRef = 3A9639460F8DBE1D00FB643F /* SBJSON.m */; };
		3A9639520F8DBE1E00FB643F /* SBJsonParser.m in Sources */ = {isa = PBXBuildFile; fileRef = 3A9639470F8DBE1E00FB643F /* SBJsonParser.m */; };
		3A9639530F8DBE1E00FB643F /* SBJsonWriter.m in Sources */ = {isa = PBXBuildFile; fileRef = 3A96394A0F8DBE1E00FB643F /* SBJsonWriter.m */; };
		3A9639540F8DBE1E00FB643F /* SBJsonBase.m in Sources */ = {isa = PBXBuildFile; fileRef = 3A96394C0F8DBE1E00FB643F /* SBJsonBase.m */; };
		3A9639550F8DBE1E00FB643F /* NSString+SBJSON.m in Sources */ = {isa = PBXBuildFile; fileRef = 3A96394E0F8DBE1E00FB643F /* NSString+SBJSON.m */; };
		3A9639560F8DBE1E00FB643F /* NSObject+SBJSON.m in Sources */ = {isa = PBXBuildFile; fileRef = 3A9639500F8DBE1E00FB643F /* NSObject+SBJSON.m */; };
		3A9639640F8DBEC100FB643F /* BaseViewController.m in Sources */ = {isa = PBXBuildFile; fileRef = 3A96395F0F8DBEC100FB643F /* BaseViewController.m */; };
		3A9639650F8DBEC100FB643F /* BaseTableViewController.m in Sources */ = {isa = PBXBuildFile; fileRef = 3A9639610F8DBEC100FB643F /* BaseTableViewController.m */; };
		3A9639660F8DBEC100FB643F /* BaseFetchedTableViewController.m in Sources */ = {isa = PBXBuildFile; fileRef = 3A9639630F8DBEC100FB643F /* BaseFetchedTableViewController.m */; };
		3A9639E40F8DC7CA00FB643F /* ForgetMeNot.xcdatamodel in Sources */ = {isa = PBXBuildFile; fileRef = 3A9639E30F8DC7CA00FB643F /* ForgetMeNot.xcdatamodel */; };
		3A963A140F8DC9AA00FB643F /* FriendsController.m in Sources */ = {isa = PBXBuildFile; fileRef = 3A963A130F8DC9AA00FB643F /* FriendsController.m */; };
		3A963A180F8DCA0A00FB643F /* FriendsController.xib in Resources */ = {isa = PBXBuildFile; fileRef = 3A963A170F8DCA0A00FB643F /* FriendsController.xib */; };
		3A963A2F0F8DCABF00FB643F /* background.png in Resources */ = {isa = PBXBuildFile; fileRef = 3A963A2E0F8DCABF00FB643F /* background.png */; };
		3A963BD00F931C9D00FB643F /* GroupsController.m in Sources */ = {isa = PBXBuildFile; fileRef = 3A963BCF0F931C9D00FB643F /* GroupsController.m */; };
		3A963BD40F931E3800FB643F /* GroupsController.xib in Resources */ = {isa = PBXBuildFile; fileRef = 3A963BD30F931E3800FB643F /* GroupsController.xib */; };
		3A963C4F0F93273200FB643F /* TitleImageCell.m in Sources */ = {isa = PBXBuildFile; fileRef = 3A963C460F93273200FB643F /* TitleImageCell.m */; };
		3A963C500F93273200FB643F /* TitleCellView.m in Sources */ = {isa = PBXBuildFile; fileRef = 3A963C480F93273200FB643F /* TitleCellView.m */; };
		3A963C510F93273200FB643F /* TitleImageCellView.m in Sources */ = {isa = PBXBuildFile; fileRef = 3A963C4A0F93273200FB643F /* TitleImageCellView.m */; };
		3A963C520F93273200FB643F /* BackgroundViewWithImage.m in Sources */ = {isa = PBXBuildFile; fileRef = 3A963C4C0F93273200FB643F /* BackgroundViewWithImage.m */; };
		3A963C530F93273200FB643F /* AccessoryViewWithImage.m in Sources */ = {isa = PBXBuildFile; fileRef = 3A963C4E0F93273200FB643F /* AccessoryViewWithImage.m */; };
		3A963C5D0F9328B700FB643F /* accessoryDark.png in Resources */ = {isa = PBXBuildFile; fileRef = 3A963C590F9328B700FB643F /* accessoryDark.png */; };
		3A963C5E0F9328B700FB643F /* accessoryLight.png in Resources */ = {isa = PBXBuildFile; fileRef = 3A963C5A0F9328B700FB643F /* accessoryLight.png */; };
		3A963C5F0F9328B700FB643F /* itemView.png in Resources */ = {isa = PBXBuildFile; fileRef = 3A963C5B0F9328B700FB643F /* itemView.png */; };
		3A963C600F9328B700FB643F /* itemView_pressed.png in Resources */ = {isa = PBXBuildFile; fileRef = 3A963C5C0F9328B700FB643F /* itemView_pressed.png */; };
		3A963C6B0F93292500FB643F /* TitleCell.m in Sources */ = {isa = PBXBuildFile; fileRef = 3A963C6A0F93292500FB643F /* TitleCell.m */; };
		3A963CFC0F93455E00FB643F /* OneRowEditController.m in Sources */ = {isa = PBXBuildFile; fileRef = 3A963CFB0F93455E00FB643F /* OneRowEditController.m */; };
		3A963CFE0F93458800FB643F /* OneRowEditController.xib in Resources */ = {isa = PBXBuildFile; fileRef = 3A963CFD0F93458800FB643F /* OneRowEditController.xib */; };
		3A963D020F93462A00FB643F /* modalBackground.png in Resources */ = {isa = PBXBuildFile; fileRef = 3A963D010F93462A00FB643F /* modalBackground.png */; };
		3A963D040F9346C000FB643F /* editingCell.png in Resources */ = {isa = PBXBuildFile; fileRef = 3A963D030F9346C000FB643F /* editingCell.png */; };
		3A963D060F93479600FB643F /* modalBorder.png in Resources */ = {isa = PBXBuildFile; fileRef = 3A963D050F93479600FB643F /* modalBorder.png */; };
		3A963D400F934C9C00FB643F /* editingCellBackground.png in Resources */ = {isa = PBXBuildFile; fileRef = 3A963D3F0F934C9C00FB643F /* editingCellBackground.png */; };
		3AB4721E0FB198F300955526 /* Fact.m in Sources */ = {isa = PBXBuildFile; fileRef = 3AB4721B0FB198F300955526 /* Fact.m */; };
		3AB472450FB1A00600955526 /* FactType.m in Sources */ = {isa = PBXBuildFile; fileRef = 3AB472420FB1A00600955526 /* FactType.m */; };
		3AB472460FB1A00600955526 /* Keyword.m in Sources */ = {isa = PBXBuildFile; fileRef = 3AB472440FB1A00600955526 /* Keyword.m */; };
		3AB472900FB1A3F700955526 /* ForgetMeNot.sqlite in Resources */ = {isa = PBXBuildFile; fileRef = 3AB4728F0FB1A3F700955526 /* ForgetMeNot.sqlite */; };
		3AB472A10FB1A81A00955526 /* FactOneRowEditController.xib in Resources */ = {isa = PBXBuildFile; fileRef = 3AB472A00FB1A81A00955526 /* FactOneRowEditController.xib */; };
		3AB472A90FB1B5DD00955526 /* KeywordView.m in Sources */ = {isa = PBXBuildFile; fileRef = 3AB472A80FB1B5DD00955526 /* KeywordView.m */; };
		3AB4747E0FB28C3900955526 /* label_background.png in Resources */ = {isa = PBXBuildFile; fileRef = 3AB4747D0FB28C3900955526 /* label_background.png */; };
		3AB475C60FB2A31A00955526 /* label_background_selected.png in Resources */ = {isa = PBXBuildFile; fileRef = 3AB475C50FB2A31A00955526 /* label_background_selected.png */; };
		3AB476020FB2A8CE00955526 /* keyword_delete.png in Resources */ = {isa = PBXBuildFile; fileRef = 3AB476000FB2A8CE00955526 /* keyword_delete.png */; };
		3AB476030FB2A8CE00955526 /* keyword_delete_selected.png in Resources */ = {isa = PBXBuildFile; fileRef = 3AB476010FB2A8CE00955526 /* keyword_delete_selected.png */; };
		3AF7E1440F95F7EB0082F751 /* toolbar_friends.png in Resources */ = {isa = PBXBuildFile; fileRef = 3AF7E1420F95F7EB0082F751 /* toolbar_friends.png */; };
		3AF7E1450F95F7EB0082F751 /* toolbar_map.png in Resources */ = {isa = PBXBuildFile; fileRef = 3AF7E1430F95F7EB0082F751 /* toolbar_map.png */; };
		3AF7E1D80F9615FC0082F751 /* chat_icon.png in Resources */ = {isa = PBXBuildFile; fileRef = 3AF7E1D30F9615FC0082F751 /* chat_icon.png */; };
		3AF7E1D90F9615FC0082F751 /* find_icon.png in Resources */ = {isa = PBXBuildFile; fileRef = 3AF7E1D40F9615FC0082F751 /* find_icon.png */; };
		3AF7E1DA0F9615FC0082F751 /* link_icon.png in Resources */ = {isa = PBXBuildFile; fileRef = 3AF7E1D50F9615FC0082F751 /* link_icon.png */; };
		3AF7E1DB0F9615FC0082F751 /* pin_icon.png in Resources */ = {isa = PBXBuildFile; fileRef = 3AF7E1D60F9615FC0082F751 /* pin_icon.png */; };
		3AF7E1DC0F9615FC0082F751 /* tree_icon.png in Resources */ = {isa = PBXBuildFile; fileRef = 3AF7E1D70F9615FC0082F751 /* tree_icon.png */; };
		3AF7E2E80F9775BB0082F751 /* OneRowOneImageEditController.m in Sources */ = {isa = PBXBuildFile; fileRef = 3AF7E2E70F9775BB0082F751 /* OneRowOneImageEditController.m */; };
		3AF7E2EA0F9775CF0082F751 /* OneRowOneImageEditController.xib in Resources */ = {isa = PBXBuildFile; fileRef = 3AF7E2E90F9775CF0082F751 /* OneRowOneImageEditController.xib */; };
		3AF7E3320F977A650082F751 /* picker_image_placeholder.png in Resources */ = {isa = PBXBuildFile; fileRef = 3AF7E3300F977A650082F751 /* picker_image_placeholder.png */; };
		3AF7E3750F977E700082F751 /* TouchImageView.m in Sources */ = {isa = PBXBuildFile; fileRef = 3AF7E3740F977E700082F751 /* TouchImageView.m */; };
		3AF7E4340F9862D90082F751 /* OneImagePickerItem.m in Sources */ = {isa = PBXBuildFile; fileRef = 3AF7E4330F9862D90082F751 /* OneImagePickerItem.m */; };
		3AF7E4A60F9869B70082F751 /* chat_icon_black.png in Resources */ = {isa = PBXBuildFile; fileRef = 3AF7E4A10F9869B70082F751 /* chat_icon_black.png */; };
		3AF7E4A70F9869B70082F751 /* find_icon_black.png in Resources */ = {isa = PBXBuildFile; fileRef = 3AF7E4A20F9869B70082F751 /* find_icon_black.png */; };
		3AF7E4A80F9869B70082F751 /* link_icon_black.png in Resources */ = {isa = PBXBuildFile; fileRef = 3AF7E4A30F9869B70082F751 /* link_icon_black.png */; };
		3AF7E4A90F9869B70082F751 /* pin_icon_black.png in Resources */ = {isa = PBXBuildFile; fileRef = 3AF7E4A40F9869B70082F751 /* pin_icon_black.png */; };
		3AF7E4AA0F9869B70082F751 /* tree_icon_black.png in Resources */ = {isa = PBXBuildFile; fileRef = 3AF7E4A50F9869B70082F751 /* tree_icon_black.png */; };
		3AF7E6900F98CC820082F751 /* FactOneRowEditController.m in Sources */ = {isa = PBXBuildFile; fileRef = 3AF7E68F0F98CC820082F751 /* FactOneRowEditController.m */; };
		3AF7EA990F9B4E380082F751 /* delete_top_right.png in Resources */ = {isa = PBXBuildFile; fileRef = 3AF7EA970F9B4E380082F751 /* delete_top_right.png */; };
		3AF7EA9A0F9B4E380082F751 /* delete_top_right_selected.png in Resources */ = {isa = PBXBuildFile; fileRef = 3AF7EA980F9B4E380082F751 /* delete_top_right_selected.png */; };
		3AF7EAFF0F9BDC3D0082F751 /* TouchScrollView.m in Sources */ = {isa = PBXBuildFile; fileRef = 3AF7EAFE0F9BDC3D0082F751 /* TouchScrollView.m */; };
		3AF7EC0B0F9C00150082F751 /* delete_big_top_right.png in Resources */ = {isa = PBXBuildFile; fileRef = 3AF7EC090F9C00150082F751 /* delete_big_top_right.png */; };
		3AF7EC0C0F9C00150082F751 /* delete_big_top_right_selected.png in Resources */ = {isa = PBXBuildFile; fileRef = 3AF7EC0A0F9C00150082F751 /* delete_big_top_right_selected.png */; };
		3AF7ECC40F9C42C30082F751 /* imageCell_mask.tif in Resources */ = {isa = PBXBuildFile; fileRef = 3AF7ECC30F9C42C30082F751 /* imageCell_mask.tif */; };
		3AF7EE150F9C927D0082F751 /* SettingsController.m in Sources */ = {isa = PBXBuildFile; fileRef = 3AF7EE140F9C927D0082F751 /* SettingsController.m */; };
		3AF7EE2C0F9C946D0082F751 /* SettingsController.xib in Resources */ = {isa = PBXBuildFile; fileRef = 3AF7EE2B0F9C946D0082F751 /* SettingsController.xib */; };
		3AF9C76A0F94750100C29763 /* Group.m in Sources */ = {isa = PBXBuildFile; fileRef = 3AF9C7670F94750100C29763 /* Group.m */; };
		3AF9C76B0F94750100C29763 /* Person.m in Sources */ = {isa = PBXBuildFile; fileRef = 3AF9C7690F94750100C29763 /* Person.m */; };
		3AF9C8C60F9485F800C29763 /* imageCell.png in Resources */ = {isa = PBXBuildFile; fileRef = 3AF9C8C50F9485F800C29763 /* imageCell.png */; };
		3AF9C92E0F9498E700C29763 /* FriendDetailsController.m in Sources */ = {isa = PBXBuildFile; fileRef = 3AF9C92D0F9498E700C29763 /* FriendDetailsController.m */; };
		3AF9C9300F9499E600C29763 /* FriendDetailsController.xib in Resources */ = {isa = PBXBuildFile; fileRef = 3AF9C92F0F9499E600C29763 /* FriendDetailsController.xib */; };
		3AF9C9570F94BD1F00C29763 /* friendsDetails_top.png in Resources */ = {isa = PBXBuildFile; fileRef = 3AF9C9560F94BD1F00C29763 /* friendsDetails_top.png */; };
		3AF9C95A0F94BE9300C29763 /* friendsDetails_left.png in Resources */ = {isa = PBXBuildFile; fileRef = 3AF9C9580F94BE9300C29763 /* friendsDetails_left.png */; };
		3AF9C95B0F94BE9300C29763 /* friendsDetails_right.png in Resources */ = {isa = PBXBuildFile; fileRef = 3AF9C9590F94BE9300C29763 /* friendsDetails_right.png */; };
		3AF9C96B0F94C2DF00C29763 /* itemView_black.png in Resources */ = {isa = PBXBuildFile; fileRef = 3AF9C96A0F94C2DF00C29763 /* itemView_black.png */; };
		3AF9C9B10F94C6AE00C29763 /* BaseFetchedViewController.m in Sources */ = {isa = PBXBuildFile; fileRef = 3AF9C9B00F94C6AE00C29763 /* BaseFetchedViewController.m */; };
		3AF9CA070F94C9E200C29763 /* friendsDetails_bottom_background.png in Resources */ = {isa = PBXBuildFile; fileRef = 3AF9CA060F94C9E200C29763 /* friendsDetails_bottom_background.png */; };
		3AF9CA0D0F94CAF900C29763 /* TitleCellBlack.m in Sources */ = {isa = PBXBuildFile; fileRef = 3AF9CA0C0F94CAF900C29763 /* TitleCellBlack.m */; };
		3AF9CA3C0F94CCE800C29763 /* TitleCellViewBlack.m in Sources */ = {isa = PBXBuildFile; fileRef = 3AF9CA3B0F94CCE800C29763 /* TitleCellViewBlack.m */; };
		3AF9CA950F94FB0600C29763 /* itemView_black_selected.png in Resources */ = {isa = PBXBuildFile; fileRef = 3AF9CA940F94FB0600C29763 /* itemView_black_selected.png */; };
/* End PBXBuildFile section */

/* Begin PBXFileReference section */
		1D30AB110D05D00D00671497 /* Foundation.framework */ = {isa = PBXFileReference; lastKnownFileType = wrapper.framework; name = Foundation.framework; path = System/Library/Frameworks/Foundation.framework; sourceTree = SDKROOT; };
		1D3623240D0F684500981E51 /* ForgetMeNotAppDelegate.h */ = {isa = PBXFileReference; fileEncoding = 4; lastKnownFileType = sourcecode.c.h; path = ForgetMeNotAppDelegate.h; sourceTree = "<group>"; };
		1D3623250D0F684500981E51 /* ForgetMeNotAppDelegate.m */ = {isa = PBXFileReference; fileEncoding = 4; lastKnownFileType = sourcecode.c.objc; path = ForgetMeNotAppDelegate.m; sourceTree = "<group>"; };
		1D6058910D05DD3D006BFB54 /* ForgetMeNot.app */ = {isa = PBXFileReference; explicitFileType = wrapper.application; includeInIndex = 0; path = ForgetMeNot.app; sourceTree = BUILT_PRODUCTS_DIR; };
		1DF5F4DF0D08C38300B7A737 /* UIKit.framework */ = {isa = PBXFileReference; lastKnownFileType = wrapper.framework; name = UIKit.framework; path = System/Library/Frameworks/UIKit.framework; sourceTree = SDKROOT; };
		2892E40F0DC94CBA00A64D0F /* CoreGraphics.framework */ = {isa = PBXFileReference; lastKnownFileType = wrapper.framework; name = CoreGraphics.framework; path = System/Library/Frameworks/CoreGraphics.framework; sourceTree = SDKROOT; };
		28A0AAE50D9B0CCF005BE974 /* ForgetMeNot_Prefix.pch */ = {isa = PBXFileReference; fileEncoding = 4; lastKnownFileType = sourcecode.c.h; path = ForgetMeNot_Prefix.pch; sourceTree = "<group>"; };
		28AD735F0D9D9599002E5188 /* MainWindow.xib */ = {isa = PBXFileReference; lastKnownFileType = file.xib; path = MainWindow.xib; sourceTree = "<group>"; };
		29B97316FDCFA39411CA2CEA /* main.m */ = {isa = PBXFileReference; fileEncoding = 4; lastKnownFileType = sourcecode.c.objc; path = main.m; sourceTree = "<group>"; };
		3A25AEAD0FA94A4000BCD866 /* keyword_background.png */ = {isa = PBXFileReference; lastKnownFileType = image.png; path = keyword_background.png; sourceTree = "<group>"; };
		3A25E1740F9F35B000591131 /* SettingsFactTypesController.h */ = {isa = PBXFileReference; fileEncoding = 4; lastKnownFileType = sourcecode.c.h; path = SettingsFactTypesController.h; sourceTree = "<group>"; };
		3A25E1750F9F35B000591131 /* SettingsFactTypesController.m */ = {isa = PBXFileReference; fileEncoding = 4; lastKnownFileType = sourcecode.c.objc; path = SettingsFactTypesController.m; sourceTree = "<group>"; };
		3A25E1780F9F35F300591131 /* SettingsFactTypesController.xib */ = {isa = PBXFileReference; lastKnownFileType = file.xib; path = SettingsFactTypesController.xib; sourceTree = "<group>"; };
		3A25E1D60FA007B200591131 /* empty_friend.png */ = {isa = PBXFileReference; lastKnownFileType = image.png; path = empty_friend.png; sourceTree = "<group>"; };
		3A364D130F9DFEA80070357D /* settings_cell_bottom.png */ = {isa = PBXFileReference; lastKnownFileType = image.png; path = settings_cell_bottom.png; sourceTree = "<group>"; };
		3A364D140F9DFEA80070357D /* settings_cell_bottom_selected.png */ = {isa = PBXFileReference; lastKnownFileType = image.png; path = settings_cell_bottom_selected.png; sourceTree = "<group>"; };
		3A364D150F9DFEA80070357D /* settings_cell_middle.png */ = {isa = PBXFileReference; lastKnownFileType = image.png; path = settings_cell_middle.png; sourceTree = "<group>"; };
		3A364D160F9DFEA80070357D /* settings_cell_middle_selected.png */ = {isa = PBXFileReference; lastKnownFileType = image.png; path = settings_cell_middle_selected.png; sourceTree = "<group>"; };
		3A364D170F9DFEA80070357D /* settings_cell_top.png */ = {isa = PBXFileReference; lastKnownFileType = image.png; path = settings_cell_top.png; sourceTree = "<group>"; };
		3A364D180F9DFEA80070357D /* settings_cell_top_selected.png */ = {isa = PBXFileReference; lastKnownFileType = image.png; path = settings_cell_top_selected.png; sourceTree = "<group>"; };
		3A364D190F9DFEA80070357D /* settings_cell_unique.png */ = {isa = PBXFileReference; lastKnownFileType = image.png; path = settings_cell_unique.png; sourceTree = "<group>"; };
		3A364D1A0F9DFEA80070357D /* settings_cell_unique_selected.png */ = {isa = PBXFileReference; lastKnownFileType = image.png; path = settings_cell_unique_selected.png; sourceTree = "<group>"; };
		3A364D610F9E05830070357D /* SettingsCell.h */ = {isa = PBXFileReference; fileEncoding = 4; lastKnownFileType = sourcecode.c.h; path = SettingsCell.h; sourceTree = "<group>"; };
		3A364D620F9E05830070357D /* SettingsCell.m */ = {isa = PBXFileReference; fileEncoding = 4; lastKnownFileType = sourcecode.c.objc; path = SettingsCell.m; sourceTree = "<group>"; };
		3A364D630F9E05830070357D /* SettingsCellView.h */ = {isa = PBXFileReference; fileEncoding = 4; lastKnownFileType = sourcecode.c.h; path = SettingsCellView.h; sourceTree = "<group>"; };
		3A364D640F9E05840070357D /* SettingsCellView.m */ = {isa = PBXFileReference; fileEncoding = 4; lastKnownFileType = sourcecode.c.objc; path = SettingsCellView.m; sourceTree = "<group>"; };
		3A3B50110F943AE5004ECC37 /* toolbar_settings.png */ = {isa = PBXFileReference; lastKnownFileType = image.png; path = toolbar_settings.png; sourceTree = "<group>"; };
		3A4CC49D0FAC6C2300A833F8 /* RoundedLabelView.h */ = {isa = PBXFileReference; fileEncoding = 4; lastKnownFileType = sourcecode.c.h; path = RoundedLabelView.h; sourceTree = "<group>"; };
		3A4CC49E0FAC6C2300A833F8 /* RoundedLabelView.m */ = {isa = PBXFileReference; fileEncoding = 4; lastKnownFileType = sourcecode.c.objc; path = RoundedLabelView.m; sourceTree = "<group>"; };
		3A52423B0F9E11810071C6C0 /* settings_arrow.png */ = {isa = PBXFileReference; lastKnownFileType = image.png; path = settings_arrow.png; sourceTree = "<group>"; };
		3A692BCF0F9F23B200E30A2F /* fact_types.png */ = {isa = PBXFileReference; lastKnownFileType = image.png; path = fact_types.png; sourceTree = "<group>"; };
		3A692BD40F9F23C200E30A2F /* online_credentials.png */ = {isa = PBXFileReference; lastKnownFileType = image.png; path = online_credentials.png; sourceTree = "<group>"; };
		3A692BD80F9F23D500E30A2F /* online_mode.png */ = {isa = PBXFileReference; lastKnownFileType = image.png; path = online_mode.png; sourceTree = "<group>"; };
		3A692BDC0F9F23DF00E30A2F /* something_here.png */ = {isa = PBXFileReference; lastKnownFileType = image.png; path = something_here.png; sourceTree = "<group>"; };
		3A692BE00F9F23F700E30A2F /* your_infos.png */ = {isa = PBXFileReference; lastKnownFileType = image.png; path = your_infos.png; sourceTree = "<group>"; };
		3A9638630F8DBA8800FB643F /* QuartzCore.framework */ = {isa = PBXFileReference; lastKnownFileType = wrapper.framework; name = QuartzCore.framework; path = System/Library/Frameworks/QuartzCore.framework; sourceTree = SDKROOT; };
		3A9638650F8DBA8E00FB643F /* MapKit.framework */ = {isa = PBXFileReference; lastKnownFileType = wrapper.framework; name = MapKit.framework; path = System/Library/Frameworks/MapKit.framework; sourceTree = SDKROOT; };
		3A9638670F8DBA9800FB643F /* CoreFoundation.framework */ = {isa = PBXFileReference; lastKnownFileType = wrapper.framework; name = CoreFoundation.framework; path = System/Library/Frameworks/CoreFoundation.framework; sourceTree = SDKROOT; };
		3A9638690F8DBAB200FB643F /* AddressBook.framework */ = {isa = PBXFileReference; lastKnownFileType = wrapper.framework; name = AddressBook.framework; path = System/Library/Frameworks/AddressBook.framework; sourceTree = SDKROOT; };
		3A96386D0F8DBAB700FB643F /* AddressBookUI.framework */ = {isa = PBXFileReference; lastKnownFileType = wrapper.framework; name = AddressBookUI.framework; path = System/Library/Frameworks/AddressBookUI.framework; sourceTree = SDKROOT; };
		3A9638710F8DBABC00FB643F /* CFNetwork.framework */ = {isa = PBXFileReference; lastKnownFileType = wrapper.framework; name = CFNetwork.framework; path = System/Library/Frameworks/CFNetwork.framework; sourceTree = SDKROOT; };
		3A9638730F8DBAD300FB643F /* CoreData.framework */ = {isa = PBXFileReference; lastKnownFileType = wrapper.framework; name = CoreData.framework; path = System/Library/Frameworks/CoreData.framework; sourceTree = SDKROOT; };
		3A9638750F8DBAD300FB643F /* CoreLocation.framework */ = {isa = PBXFileReference; lastKnownFileType = wrapper.framework; name = CoreLocation.framework; path = System/Library/Frameworks/CoreLocation.framework; sourceTree = SDKROOT; };
		3A9638770F8DBAD300FB643F /* SystemConfiguration.framework */ = {isa = PBXFileReference; lastKnownFileType = wrapper.framework; name = SystemConfiguration.framework; path = System/Library/Frameworks/SystemConfiguration.framework; sourceTree = SDKROOT; };
		3A9639140F8DBC6600FB643F /* Define.h */ = {isa = PBXFileReference; fileEncoding = 4; lastKnownFileType = sourcecode.c.h; path = Define.h; sourceTree = "<group>"; };
		3A9639270F8DBD2600FB643F /* CoreDataUtils.h */ = {isa = PBXFileReference; fileEncoding = 4; lastKnownFileType = sourcecode.c.h; path = CoreDataUtils.h; sourceTree = "<group>"; };
		3A9639280F8DBD2600FB643F /* CoreDataUtils.m */ = {isa = PBXFileReference; fileEncoding = 4; lastKnownFileType = sourcecode.c.objc; path = CoreDataUtils.m; sourceTree = "<group>"; };
		3A9639290F8DBD2600FB643F /* mk.h */ = {isa = PBXFileReference; fileEncoding = 4; lastKnownFileType = sourcecode.c.h; path = mk.h; sourceTree = "<group>"; };
		3A96392A0F8DBD2600FB643F /* mk.m */ = {isa = PBXFileReference; fileEncoding = 4; lastKnownFileType = sourcecode.c.objc; path = mk.m; sourceTree = "<group>"; };
		3A96392B0F8DBD2600FB643F /* Base64.h */ = {isa = PBXFileReference; fileEncoding = 4; lastKnownFileType = sourcecode.c.h; path = Base64.h; sourceTree = "<group>"; };
		3A96392C0F8DBD2600FB643F /* Base64.m */ = {isa = PBXFileReference; fileEncoding = 4; lastKnownFileType = sourcecode.c.objc; path = Base64.m; sourceTree = "<group>"; };
		3A96392D0F8DBD2600FB643F /* NSHTTPCookieAdditions.h */ = {isa = PBXFileReference; fileEncoding = 4; lastKnownFileType = sourcecode.c.h; path = NSHTTPCookieAdditions.h; sourceTree = "<group>"; };
		3A96392E0F8DBD2600FB643F /* NSHTTPCookieAdditions.m */ = {isa = PBXFileReference; fileEncoding = 4; lastKnownFileType = sourcecode.c.objc; path = NSHTTPCookieAdditions.m; sourceTree = "<group>"; };
		3A96393C0F8DBD9600FB643F /* Reachability.h */ = {isa = PBXFileReference; fileEncoding = 4; lastKnownFileType = sourcecode.c.h; path = Reachability.h; sourceTree = "<group>"; };
		3A96393D0F8DBD9600FB643F /* Reachability.m */ = {isa = PBXFileReference; fileEncoding = 4; lastKnownFileType = sourcecode.c.objc; path = Reachability.m; sourceTree = "<group>"; };
		3A9639440F8DBE1D00FB643F /* JSON.h */ = {isa = PBXFileReference; fileEncoding = 4; lastKnownFileType = sourcecode.c.h; path = JSON.h; sourceTree = "<group>"; };
		3A9639450F8DBE1D00FB643F /* SBJSON.h */ = {isa = PBXFileReference; fileEncoding = 4; lastKnownFileType = sourcecode.c.h; path = SBJSON.h; sourceTree = "<group>"; };
		3A9639460F8DBE1D00FB643F /* SBJSON.m */ = {isa = PBXFileReference; fileEncoding = 4; lastKnownFileType = sourcecode.c.objc; path = SBJSON.m; sourceTree = "<group>"; };
		3A9639470F8DBE1E00FB643F /* SBJsonParser.m */ = {isa = PBXFileReference; fileEncoding = 4; lastKnownFileType = sourcecode.c.objc; path = SBJsonParser.m; sourceTree = "<group>"; };
		3A9639480F8DBE1E00FB643F /* SBJsonParser.h */ = {isa = PBXFileReference; fileEncoding = 4; lastKnownFileType = sourcecode.c.h; path = SBJsonParser.h; sourceTree = "<group>"; };
		3A9639490F8DBE1E00FB643F /* SBJsonWriter.h */ = {isa = PBXFileReference; fileEncoding = 4; lastKnownFileType = sourcecode.c.h; path = SBJsonWriter.h; sourceTree = "<group>"; };
		3A96394A0F8DBE1E00FB643F /* SBJsonWriter.m */ = {isa = PBXFileReference; fileEncoding = 4; lastKnownFileType = sourcecode.c.objc; path = SBJsonWriter.m; sourceTree = "<group>"; };
		3A96394B0F8DBE1E00FB643F /* SBJsonBase.h */ = {isa = PBXFileReference; fileEncoding = 4; lastKnownFileType = sourcecode.c.h; path = SBJsonBase.h; sourceTree = "<group>"; };
		3A96394C0F8DBE1E00FB643F /* SBJsonBase.m */ = {isa = PBXFileReference; fileEncoding = 4; lastKnownFileType = sourcecode.c.objc; path = SBJsonBase.m; sourceTree = "<group>"; };
		3A96394D0F8DBE1E00FB643F /* NSString+SBJSON.h */ = {isa = PBXFileReference; fileEncoding = 4; lastKnownFileType = sourcecode.c.h; path = "NSString+SBJSON.h"; sourceTree = "<group>"; };
		3A96394E0F8DBE1E00FB643F /* NSString+SBJSON.m */ = {isa = PBXFileReference; fileEncoding = 4; lastKnownFileType = sourcecode.c.objc; path = "NSString+SBJSON.m"; sourceTree = "<group>"; };
		3A96394F0F8DBE1E00FB643F /* NSObject+SBJSON.h */ = {isa = PBXFileReference; fileEncoding = 4; lastKnownFileType = sourcecode.c.h; path = "NSObject+SBJSON.h"; sourceTree = "<group>"; };
		3A9639500F8DBE1E00FB643F /* NSObject+SBJSON.m */ = {isa = PBXFileReference; fileEncoding = 4; lastKnownFileType = sourcecode.c.objc; path = "NSObject+SBJSON.m"; sourceTree = "<group>"; };
		3A96395E0F8DBEC100FB643F /* BaseViewController.h */ = {isa = PBXFileReference; fileEncoding = 4; lastKnownFileType = sourcecode.c.h; path = BaseViewController.h; sourceTree = "<group>"; };
		3A96395F0F8DBEC100FB643F /* BaseViewController.m */ = {isa = PBXFileReference; fileEncoding = 4; lastKnownFileType = sourcecode.c.objc; path = BaseViewController.m; sourceTree = "<group>"; };
		3A9639600F8DBEC100FB643F /* BaseTableViewController.h */ = {isa = PBXFileReference; fileEncoding = 4; lastKnownFileType = sourcecode.c.h; path = BaseTableViewController.h; sourceTree = "<group>"; };
		3A9639610F8DBEC100FB643F /* BaseTableViewController.m */ = {isa = PBXFileReference; fileEncoding = 4; lastKnownFileType = sourcecode.c.objc; path = BaseTableViewController.m; sourceTree = "<group>"; };
		3A9639620F8DBEC100FB643F /* BaseFetchedTableViewController.h */ = {isa = PBXFileReference; fileEncoding = 4; lastKnownFileType = sourcecode.c.h; path = BaseFetchedTableViewController.h; sourceTree = "<group>"; };
		3A9639630F8DBEC100FB643F /* BaseFetchedTableViewController.m */ = {isa = PBXFileReference; fileEncoding = 4; lastKnownFileType = sourcecode.c.objc; path = BaseFetchedTableViewController.m; sourceTree = "<group>"; };
		3A9639E30F8DC7CA00FB643F /* ForgetMeNot.xcdatamodel */ = {isa = PBXFileReference; fileEncoding = 4; lastKnownFileType = wrapper.xcdatamodel; path = ForgetMeNot.xcdatamodel; sourceTree = "<group>"; };
		3A963A120F8DC9AA00FB643F /* FriendsController.h */ = {isa = PBXFileReference; fileEncoding = 4; lastKnownFileType = sourcecode.c.h; path = FriendsController.h; sourceTree = "<group>"; };
		3A963A130F8DC9AA00FB643F /* FriendsController.m */ = {isa = PBXFileReference; fileEncoding = 4; lastKnownFileType = sourcecode.c.objc; path = FriendsController.m; sourceTree = "<group>"; };
		3A963A170F8DCA0A00FB643F /* FriendsController.xib */ = {isa = PBXFileReference; lastKnownFileType = file.xib; path = FriendsController.xib; sourceTree = "<group>"; };
		3A963A2E0F8DCABF00FB643F /* background.png */ = {isa = PBXFileReference; lastKnownFileType = image.png; path = background.png; sourceTree = "<group>"; };
		3A963BCE0F931C9D00FB643F /* GroupsController.h */ = {isa = PBXFileReference; fileEncoding = 4; lastKnownFileType = sourcecode.c.h; path = GroupsController.h; sourceTree = "<group>"; };
		3A963BCF0F931C9D00FB643F /* GroupsController.m */ = {isa = PBXFileReference; fileEncoding = 4; lastKnownFileType = sourcecode.c.objc; path = GroupsController.m; sourceTree = "<group>"; };
		3A963BD30F931E3800FB643F /* GroupsController.xib */ = {isa = PBXFileReference; lastKnownFileType = file.xib; path = GroupsController.xib; sourceTree = "<group>"; };
		3A963C450F93273200FB643F /* TitleImageCell.h */ = {isa = PBXFileReference; fileEncoding = 4; lastKnownFileType = sourcecode.c.h; path = TitleImageCell.h; sourceTree = "<group>"; };
		3A963C460F93273200FB643F /* TitleImageCell.m */ = {isa = PBXFileReference; fileEncoding = 4; lastKnownFileType = sourcecode.c.objc; path = TitleImageCell.m; sourceTree = "<group>"; };
		3A963C470F93273200FB643F /* TitleCellView.h */ = {isa = PBXFileReference; fileEncoding = 4; lastKnownFileType = sourcecode.c.h; path = TitleCellView.h; sourceTree = "<group>"; };
		3A963C480F93273200FB643F /* TitleCellView.m */ = {isa = PBXFileReference; fileEncoding = 4; lastKnownFileType = sourcecode.c.objc; path = TitleCellView.m; sourceTree = "<group>"; };
		3A963C490F93273200FB643F /* TitleImageCellView.h */ = {isa = PBXFileReference; fileEncoding = 4; lastKnownFileType = sourcecode.c.h; path = TitleImageCellView.h; sourceTree = "<group>"; };
		3A963C4A0F93273200FB643F /* TitleImageCellView.m */ = {isa = PBXFileReference; fileEncoding = 4; lastKnownFileType = sourcecode.c.objc; path = TitleImageCellView.m; sourceTree = "<group>"; };
		3A963C4B0F93273200FB643F /* BackgroundViewWithImage.h */ = {isa = PBXFileReference; fileEncoding = 4; lastKnownFileType = sourcecode.c.h; path = BackgroundViewWithImage.h; sourceTree = "<group>"; };
		3A963C4C0F93273200FB643F /* BackgroundViewWithImage.m */ = {isa = PBXFileReference; fileEncoding = 4; lastKnownFileType = sourcecode.c.objc; path = BackgroundViewWithImage.m; sourceTree = "<group>"; };
		3A963C4D0F93273200FB643F /* AccessoryViewWithImage.h */ = {isa = PBXFileReference; fileEncoding = 4; lastKnownFileType = sourcecode.c.h; path = AccessoryViewWithImage.h; sourceTree = "<group>"; };
		3A963C4E0F93273200FB643F /* AccessoryViewWithImage.m */ = {isa = PBXFileReference; fileEncoding = 4; lastKnownFileType = sourcecode.c.objc; path = AccessoryViewWithImage.m; sourceTree = "<group>"; };
		3A963C590F9328B700FB643F /* accessoryDark.png */ = {isa = PBXFileReference; lastKnownFileType = image.png; path = accessoryDark.png; sourceTree = "<group>"; };
		3A963C5A0F9328B700FB643F /* accessoryLight.png */ = {isa = PBXFileReference; lastKnownFileType = image.png; path = accessoryLight.png; sourceTree = "<group>"; };
		3A963C5B0F9328B700FB643F /* itemView.png */ = {isa = PBXFileReference; lastKnownFileType = image.png; path = itemView.png; sourceTree = "<group>"; };
		3A963C5C0F9328B700FB643F /* itemView_pressed.png */ = {isa = PBXFileReference; lastKnownFileType = image.png; path = itemView_pressed.png; sourceTree = "<group>"; };
		3A963C690F93292500FB643F /* TitleCell.h */ = {isa = PBXFileReference; fileEncoding = 4; lastKnownFileType = sourcecode.c.h; path = TitleCell.h; sourceTree = "<group>"; };
		3A963C6A0F93292500FB643F /* TitleCell.m */ = {isa = PBXFileReference; fileEncoding = 4; lastKnownFileType = sourcecode.c.objc; path = TitleCell.m; sourceTree = "<group>"; };
		3A963CFA0F93455E00FB643F /* OneRowEditController.h */ = {isa = PBXFileReference; fileEncoding = 4; lastKnownFileType = sourcecode.c.h; path = OneRowEditController.h; sourceTree = "<group>"; };
		3A963CFB0F93455E00FB643F /* OneRowEditController.m */ = {isa = PBXFileReference; fileEncoding = 4; lastKnownFileType = sourcecode.c.objc; path = OneRowEditController.m; sourceTree = "<group>"; };
		3A963CFD0F93458800FB643F /* OneRowEditController.xib */ = {isa = PBXFileReference; lastKnownFileType = file.xib; path = OneRowEditController.xib; sourceTree = "<group>"; };
		3A963D010F93462A00FB643F /* modalBackground.png */ = {isa = PBXFileReference; lastKnownFileType = image.png; path = modalBackground.png; sourceTree = "<group>"; };
		3A963D030F9346C000FB643F /* editingCell.png */ = {isa = PBXFileReference; lastKnownFileType = image.png; path = editingCell.png; sourceTree = "<group>"; };
		3A963D050F93479600FB643F /* modalBorder.png */ = {isa = PBXFileReference; lastKnownFileType = image.png; path = modalBorder.png; sourceTree = "<group>"; };
		3A963D3F0F934C9C00FB643F /* editingCellBackground.png */ = {isa = PBXFileReference; lastKnownFileType = image.png; path = editingCellBackground.png; sourceTree = "<group>"; };
		3AB4721A0FB198F300955526 /* Fact.h */ = {isa = PBXFileReference; fileEncoding = 4; lastKnownFileType = sourcecode.c.h; path = Fact.h; sourceTree = "<group>"; };
		3AB4721B0FB198F300955526 /* Fact.m */ = {isa = PBXFileReference; fileEncoding = 4; lastKnownFileType = sourcecode.c.objc; path = Fact.m; sourceTree = "<group>"; };
		3AB472410FB1A00600955526 /* FactType.h */ = {isa = PBXFileReference; fileEncoding = 4; lastKnownFileType = sourcecode.c.h; path = FactType.h; sourceTree = "<group>"; };
		3AB472420FB1A00600955526 /* FactType.m */ = {isa = PBXFileReference; fileEncoding = 4; lastKnownFileType = sourcecode.c.objc; path = FactType.m; sourceTree = "<group>"; };
		3AB472430FB1A00600955526 /* Keyword.h */ = {isa = PBXFileReference; fileEncoding = 4; lastKnownFileType = sourcecode.c.h; path = Keyword.h; sourceTree = "<group>"; };
		3AB472440FB1A00600955526 /* Keyword.m */ = {isa = PBXFileReference; fileEncoding = 4; lastKnownFileType = sourcecode.c.objc; path = Keyword.m; sourceTree = "<group>"; };
		3AB4728F0FB1A3F700955526 /* ForgetMeNot.sqlite */ = {isa = PBXFileReference; lastKnownFileType = file; path = ForgetMeNot.sqlite; sourceTree = "<group>"; };
		3AB472A00FB1A81A00955526 /* FactOneRowEditController.xib */ = {isa = PBXFileReference; lastKnownFileType = file.xib; path = FactOneRowEditController.xib; sourceTree = "<group>"; };
		3AB472A70FB1B5DD00955526 /* KeywordView.h */ = {isa = PBXFileReference; fileEncoding = 4; lastKnownFileType = sourcecode.c.h; path = KeywordView.h; sourceTree = "<group>"; };
		3AB472A80FB1B5DD00955526 /* KeywordView.m */ = {isa = PBXFileReference; fileEncoding = 4; lastKnownFileType = sourcecode.c.objc; path = KeywordView.m; sourceTree = "<group>"; };
		3AB4747D0FB28C3900955526 /* label_background.png */ = {isa = PBXFileReference; lastKnownFileType = image.png; path = label_background.png; sourceTree = "<group>"; };
		3AB475C50FB2A31A00955526 /* label_background_selected.png */ = {isa = PBXFileReference; lastKnownFileType = image.png; path = label_background_selected.png; sourceTree = "<group>"; };
		3AB476000FB2A8CE00955526 /* keyword_delete.png */ = {isa = PBXFileReference; lastKnownFileType = image.png; path = keyword_delete.png; sourceTree = "<group>"; };
		3AB476010FB2A8CE00955526 /* keyword_delete_selected.png */ = {isa = PBXFileReference; lastKnownFileType = image.png; path = keyword_delete_selected.png; sourceTree = "<group>"; };
		3AF7E1420F95F7EB0082F751 /* toolbar_friends.png */ = {isa = PBXFileReference; lastKnownFileType = image.png; path = toolbar_friends.png; sourceTree = "<group>"; };
		3AF7E1430F95F7EB0082F751 /* toolbar_map.png */ = {isa = PBXFileReference; lastKnownFileType = image.png; path = toolbar_map.png; sourceTree = "<group>"; };
		3AF7E1D30F9615FC0082F751 /* chat_icon.png */ = {isa = PBXFileReference; lastKnownFileType = image.png; path = chat_icon.png; sourceTree = "<group>"; };
		3AF7E1D40F9615FC0082F751 /* find_icon.png */ = {isa = PBXFileReference; lastKnownFileType = image.png; path = find_icon.png; sourceTree = "<group>"; };
		3AF7E1D50F9615FC0082F751 /* link_icon.png */ = {isa = PBXFileReference; lastKnownFileType = image.png; path = link_icon.png; sourceTree = "<group>"; };
		3AF7E1D60F9615FC0082F751 /* pin_icon.png */ = {isa = PBXFileReference; lastKnownFileType = image.png; path = pin_icon.png; sourceTree = "<group>"; };
		3AF7E1D70F9615FC0082F751 /* tree_icon.png */ = {isa = PBXFileReference; lastKnownFileType = image.png; path = tree_icon.png; sourceTree = "<group>"; };
		3AF7E2E60F9775BB0082F751 /* OneRowOneImageEditController.h */ = {isa = PBXFileReference; fileEncoding = 4; lastKnownFileType = sourcecode.c.h; path = OneRowOneImageEditController.h; sourceTree = "<group>"; };
		3AF7E2E70F9775BB0082F751 /* OneRowOneImageEditController.m */ = {isa = PBXFileReference; fileEncoding = 4; lastKnownFileType = sourcecode.c.objc; path = OneRowOneImageEditController.m; sourceTree = "<group>"; };
		3AF7E2E90F9775CF0082F751 /* OneRowOneImageEditController.xib */ = {isa = PBXFileReference; lastKnownFileType = file.xib; path = OneRowOneImageEditController.xib; sourceTree = "<group>"; };
		3AF7E3300F977A650082F751 /* picker_image_placeholder.png */ = {isa = PBXFileReference; lastKnownFileType = image.png; path = picker_image_placeholder.png; sourceTree = "<group>"; };
		3AF7E3730F977E700082F751 /* TouchImageView.h */ = {isa = PBXFileReference; fileEncoding = 4; lastKnownFileType = sourcecode.c.h; path = TouchImageView.h; sourceTree = "<group>"; };
		3AF7E3740F977E700082F751 /* TouchImageView.m */ = {isa = PBXFileReference; fileEncoding = 4; lastKnownFileType = sourcecode.c.objc; path = TouchImageView.m; sourceTree = "<group>"; };
		3AF7E4320F9862D90082F751 /* OneImagePickerItem.h */ = {isa = PBXFileReference; fileEncoding = 4; lastKnownFileType = sourcecode.c.h; path = OneImagePickerItem.h; sourceTree = "<group>"; };
		3AF7E4330F9862D90082F751 /* OneImagePickerItem.m */ = {isa = PBXFileReference; fileEncoding = 4; lastKnownFileType = sourcecode.c.objc; path = OneImagePickerItem.m; sourceTree = "<group>"; };
		3AF7E4A10F9869B70082F751 /* chat_icon_black.png */ = {isa = PBXFileReference; lastKnownFileType = image.png; path = chat_icon_black.png; sourceTree = "<group>"; };
		3AF7E4A20F9869B70082F751 /* find_icon_black.png */ = {isa = PBXFileReference; lastKnownFileType = image.png; path = find_icon_black.png; sourceTree = "<group>"; };
		3AF7E4A30F9869B70082F751 /* link_icon_black.png */ = {isa = PBXFileReference; lastKnownFileType = image.png; path = link_icon_black.png; sourceTree = "<group>"; };
		3AF7E4A40F9869B70082F751 /* pin_icon_black.png */ = {isa = PBXFileReference; lastKnownFileType = image.png; path = pin_icon_black.png; sourceTree = "<group>"; };
		3AF7E4A50F9869B70082F751 /* tree_icon_black.png */ = {isa = PBXFileReference; lastKnownFileType = image.png; path = tree_icon_black.png; sourceTree = "<group>"; };
		3AF7E68E0F98CC820082F751 /* FactOneRowEditController.h */ = {isa = PBXFileReference; fileEncoding = 4; lastKnownFileType = sourcecode.c.h; path = FactOneRowEditController.h; sourceTree = "<group>"; };
		3AF7E68F0F98CC820082F751 /* FactOneRowEditController.m */ = {isa = PBXFileReference; fileEncoding = 4; lastKnownFileType = sourcecode.c.objc; path = FactOneRowEditController.m; sourceTree = "<group>"; };
		3AF7EA970F9B4E380082F751 /* delete_top_right.png */ = {isa = PBXFileReference; lastKnownFileType = image.png; path = delete_top_right.png; sourceTree = "<group>"; };
		3AF7EA980F9B4E380082F751 /* delete_top_right_selected.png */ = {isa = PBXFileReference; lastKnownFileType = image.png; path = delete_top_right_selected.png; sourceTree = "<group>"; };
		3AF7EAFD0F9BDC3D0082F751 /* TouchScrollView.h */ = {isa = PBXFileReference; fileEncoding = 4; lastKnownFileType = sourcecode.c.h; path = TouchScrollView.h; sourceTree = "<group>"; };
		3AF7EAFE0F9BDC3D0082F751 /* TouchScrollView.m */ = {isa = PBXFileReference; fileEncoding = 4; lastKnownFileType = sourcecode.c.objc; path = TouchScrollView.m; sourceTree = "<group>"; };
		3AF7EC090F9C00150082F751 /* delete_big_top_right.png */ = {isa = PBXFileReference; lastKnownFileType = image.png; path = delete_big_top_right.png; sourceTree = "<group>"; };
		3AF7EC0A0F9C00150082F751 /* delete_big_top_right_selected.png */ = {isa = PBXFileReference; lastKnownFileType = image.png; path = delete_big_top_right_selected.png; sourceTree = "<group>"; };
		3AF7ECC30F9C42C30082F751 /* imageCell_mask.tif */ = {isa = PBXFileReference; lastKnownFileType = image.tiff; path = imageCell_mask.tif; sourceTree = "<group>"; };
		3AF7EE130F9C927D0082F751 /* SettingsController.h */ = {isa = PBXFileReference; fileEncoding = 4; lastKnownFileType = sourcecode.c.h; path = SettingsController.h; sourceTree = "<group>"; };
		3AF7EE140F9C927D0082F751 /* SettingsController.m */ = {isa = PBXFileReference; fileEncoding = 4; lastKnownFileType = sourcecode.c.objc; path = SettingsController.m; sourceTree = "<group>"; };
		3AF7EE2B0F9C946D0082F751 /* SettingsController.xib */ = {isa = PBXFileReference; lastKnownFileType = file.xib; path = SettingsController.xib; sourceTree = "<group>"; };
		3AF9C7660F94750100C29763 /* Group.h */ = {isa = PBXFileReference; fileEncoding = 4; lastKnownFileType = sourcecode.c.h; path = Group.h; sourceTree = "<group>"; };
		3AF9C7670F94750100C29763 /* Group.m */ = {isa = PBXFileReference; fileEncoding = 4; lastKnownFileType = sourcecode.c.objc; path = Group.m; sourceTree = "<group>"; };
		3AF9C7680F94750100C29763 /* Person.h */ = {isa = PBXFileReference; fileEncoding = 4; lastKnownFileType = sourcecode.c.h; path = Person.h; sourceTree = "<group>"; };
		3AF9C7690F94750100C29763 /* Person.m */ = {isa = PBXFileReference; fileEncoding = 4; lastKnownFileType = sourcecode.c.objc; path = Person.m; sourceTree = "<group>"; };
		3AF9C8C50F9485F800C29763 /* imageCell.png */ = {isa = PBXFileReference; lastKnownFileType = image.png; path = imageCell.png; sourceTree = "<group>"; };
		3AF9C92C0F9498E700C29763 /* FriendDetailsController.h */ = {isa = PBXFileReference; fileEncoding = 4; lastKnownFileType = sourcecode.c.h; path = FriendDetailsController.h; sourceTree = "<group>"; };
		3AF9C92D0F9498E700C29763 /* FriendDetailsController.m */ = {isa = PBXFileReference; fileEncoding = 4; lastKnownFileType = sourcecode.c.objc; path = FriendDetailsController.m; sourceTree = "<group>"; };
		3AF9C92F0F9499E600C29763 /* FriendDetailsController.xib */ = {isa = PBXFileReference; lastKnownFileType = file.xib; path = FriendDetailsController.xib; sourceTree = "<group>"; };
		3AF9C9560F94BD1F00C29763 /* friendsDetails_top.png */ = {isa = PBXFileReference; lastKnownFileType = image.png; path = friendsDetails_top.png; sourceTree = "<group>"; };
		3AF9C9580F94BE9300C29763 /* friendsDetails_left.png */ = {isa = PBXFileReference; lastKnownFileType = image.png; path = friendsDetails_left.png; sourceTree = "<group>"; };
		3AF9C9590F94BE9300C29763 /* friendsDetails_right.png */ = {isa = PBXFileReference; lastKnownFileType = image.png; path = friendsDetails_right.png; sourceTree = "<group>"; };
		3AF9C96A0F94C2DF00C29763 /* itemView_black.png */ = {isa = PBXFileReference; lastKnownFileType = image.png; path = itemView_black.png; sourceTree = "<group>"; };
		3AF9C9AF0F94C6AE00C29763 /* BaseFetchedViewController.h */ = {isa = PBXFileReference; fileEncoding = 4; lastKnownFileType = sourcecode.c.h; path = BaseFetchedViewController.h; sourceTree = "<group>"; };
		3AF9C9B00F94C6AE00C29763 /* BaseFetchedViewController.m */ = {isa = PBXFileReference; fileEncoding = 4; lastKnownFileType = sourcecode.c.objc; path = BaseFetchedViewController.m; sourceTree = "<group>"; };
		3AF9CA060F94C9E200C29763 /* friendsDetails_bottom_background.png */ = {isa = PBXFileReference; lastKnownFileType = image.png; path = friendsDetails_bottom_background.png; sourceTree = "<group>"; };
		3AF9CA0B0F94CAF900C29763 /* TitleCellBlack.h */ = {isa = PBXFileReference; fileEncoding = 4; lastKnownFileType = sourcecode.c.h; path = TitleCellBlack.h; sourceTree = "<group>"; };
		3AF9CA0C0F94CAF900C29763 /* TitleCellBlack.m */ = {isa = PBXFileReference; fileEncoding = 4; lastKnownFileType = sourcecode.c.objc; path = TitleCellBlack.m; sourceTree = "<group>"; };
		3AF9CA3A0F94CCE800C29763 /* TitleCellViewBlack.h */ = {isa = PBXFileReference; fileEncoding = 4; lastKnownFileType = sourcecode.c.h; path = TitleCellViewBlack.h; sourceTree = "<group>"; };
		3AF9CA3B0F94CCE800C29763 /* TitleCellViewBlack.m */ = {isa = PBXFileReference; fileEncoding = 4; lastKnownFileType = sourcecode.c.objc; path = TitleCellViewBlack.m; sourceTree = "<group>"; };
		3AF9CA940F94FB0600C29763 /* itemView_black_selected.png */ = {isa = PBXFileReference; lastKnownFileType = image.png; path = itemView_black_selected.png; sourceTree = "<group>"; };
		8D1107310486CEB800E47090 /* ForgetMeNot-Info.plist */ = {isa = PBXFileReference; fileEncoding = 4; lastKnownFileType = text.plist.xml; path = "ForgetMeNot-Info.plist"; plistStructureDefinitionIdentifier = "com.apple.xcode.plist.structure-definition.iphone.info-plist"; sourceTree = "<group>"; };
/* End PBXFileReference section */

/* Begin PBXFrameworksBuildPhase section */
		1D60588F0D05DD3D006BFB54 /* Frameworks */ = {
			isa = PBXFrameworksBuildPhase;
			buildActionMask = 2147483647;
			files = (
				1D60589F0D05DD5A006BFB54 /* Foundation.framework in Frameworks */,
				1DF5F4E00D08C38300B7A737 /* UIKit.framework in Frameworks */,
				2892E4100DC94CBA00A64D0F /* CoreGraphics.framework in Frameworks */,
				3A9638640F8DBA8800FB643F /* QuartzCore.framework in Frameworks */,
				3A9638660F8DBA8E00FB643F /* MapKit.framework in Frameworks */,
				3A9638680F8DBA9800FB643F /* CoreFoundation.framework in Frameworks */,
				3A96386A0F8DBAB200FB643F /* AddressBook.framework in Frameworks */,
				3A96386E0F8DBAB700FB643F /* AddressBookUI.framework in Frameworks */,
				3A9638720F8DBABC00FB643F /* CFNetwork.framework in Frameworks */,
				3A9638740F8DBAD300FB643F /* CoreData.framework in Frameworks */,
				3A9638760F8DBAD300FB643F /* CoreLocation.framework in Frameworks */,
				3A9638780F8DBAD300FB643F /* SystemConfiguration.framework in Frameworks */,
			);
			runOnlyForDeploymentPostprocessing = 0;
		};
/* End PBXFrameworksBuildPhase section */

/* Begin PBXGroup section */
		080E96DDFE201D6D7F000001 /* Classes */ = {
			isa = PBXGroup;
			children = (
				1D3623240D0F684500981E51 /* ForgetMeNotAppDelegate.h */,
				1D3623250D0F684500981E51 /* ForgetMeNotAppDelegate.m */,
				3A96395B0F8DBEAE00FB643F /* Base Controllers */,
				3A963A150F8DC9B600FB643F /* Controllers */,
				3AF7E36E0F977D8A0082F751 /* Custom Objects */,
				3A4CC49A0FAC6C0700A833F8 /* Custom Views */,
				3A963C420F93271C00FB643F /* Custom Cell */,
				3A963AB20F93117B00FB643F /* Model Class */,
				3A9639410F8DBE0D00FB643F /* JSON */,
				3A9639390F8DBD6400FB643F /* Reachibility */,
				3A9639240F8DBD0D00FB643F /* Utilities */,
			);
			path = Classes;
			sourceTree = "<group>";
		};
		19C28FACFE9D520D11CA2CBB /* Products */ = {
			isa = PBXGroup;
			children = (
				1D6058910D05DD3D006BFB54 /* ForgetMeNot.app */,
			);
			name = Products;
			sourceTree = "<group>";
		};
		29B97314FDCFA39411CA2CEA /* CustomTemplate */ = {
			isa = PBXGroup;
			children = (
				3A9639140F8DBC6600FB643F /* Define.h */,
				080E96DDFE201D6D7F000001 /* Classes */,
				29B97315FDCFA39411CA2CEA /* Other Sources */,
				29B97317FDCFA39411CA2CEA /* Resources */,
				29B97323FDCFA39411CA2CEA /* Frameworks */,
				19C28FACFE9D520D11CA2CBB /* Products */,
			);
			name = CustomTemplate;
			sourceTree = "<group>";
		};
		29B97315FDCFA39411CA2CEA /* Other Sources */ = {
			isa = PBXGroup;
			children = (
				28A0AAE50D9B0CCF005BE974 /* ForgetMeNot_Prefix.pch */,
				29B97316FDCFA39411CA2CEA /* main.m */,
			);
			name = "Other Sources";
			sourceTree = "<group>";
		};
		29B97317FDCFA39411CA2CEA /* Resources */ = {
			isa = PBXGroup;
			children = (
				3A963A2B0F8DCAAD00FB643F /* Images */,
				3A9639E30F8DC7CA00FB643F /* ForgetMeNot.xcdatamodel */,
				3AB4728F0FB1A3F700955526 /* ForgetMeNot.sqlite */,
				28AD735F0D9D9599002E5188 /* MainWindow.xib */,
				3A963A170F8DCA0A00FB643F /* FriendsController.xib */,
				3AF9C92F0F9499E600C29763 /* FriendDetailsController.xib */,
				3A963BD30F931E3800FB643F /* GroupsController.xib */,
				8D1107310486CEB800E47090 /* ForgetMeNot-Info.plist */,
				3A963CFD0F93458800FB643F /* OneRowEditController.xib */,
				3AB472A00FB1A81A00955526 /* FactOneRowEditController.xib */,
				3AF7E2E90F9775CF0082F751 /* OneRowOneImageEditController.xib */,
				3AF7EE2B0F9C946D0082F751 /* SettingsController.xib */,
				3A25E1780F9F35F300591131 /* SettingsFactTypesController.xib */,
			);
			name = Resources;
			sourceTree = "<group>";
		};
		29B97323FDCFA39411CA2CEA /* Frameworks */ = {
			isa = PBXGroup;
			children = (
				3A9638630F8DBA8800FB643F /* QuartzCore.framework */,
				3A9638650F8DBA8E00FB643F /* MapKit.framework */,
				3A9638670F8DBA9800FB643F /* CoreFoundation.framework */,
				3A9638690F8DBAB200FB643F /* AddressBook.framework */,
				3A96386D0F8DBAB700FB643F /* AddressBookUI.framework */,
				3A9638710F8DBABC00FB643F /* CFNetwork.framework */,
				3A9638730F8DBAD300FB643F /* CoreData.framework */,
				3A9638750F8DBAD300FB643F /* CoreLocation.framework */,
				3A9638770F8DBAD300FB643F /* SystemConfiguration.framework */,
				1DF5F4DF0D08C38300B7A737 /* UIKit.framework */,
				1D30AB110D05D00D00671497 /* Foundation.framework */,
				2892E40F0DC94CBA00A64D0F /* CoreGraphics.framework */,
			);
			name = Frameworks;
			sourceTree = "<group>";
		};
		3A364D120F9DFE880070357D /* Settings */ = {
			isa = PBXGroup;
			children = (
				3A52423B0F9E11810071C6C0 /* settings_arrow.png */,
				3A364D130F9DFEA80070357D /* settings_cell_bottom.png */,
				3A364D140F9DFEA80070357D /* settings_cell_bottom_selected.png */,
				3A364D150F9DFEA80070357D /* settings_cell_middle.png */,
				3A364D160F9DFEA80070357D /* settings_cell_middle_selected.png */,
				3A364D170F9DFEA80070357D /* settings_cell_top.png */,
				3A364D180F9DFEA80070357D /* settings_cell_top_selected.png */,
				3A364D190F9DFEA80070357D /* settings_cell_unique.png */,
				3A364D1A0F9DFEA80070357D /* settings_cell_unique_selected.png */,
			);
			name = Settings;
			sourceTree = "<group>";
		};
		3A364D230F9DFF050070357D /* Settings */ = {
			isa = PBXGroup;
			children = (
				3A364D610F9E05830070357D /* SettingsCell.h */,
				3A364D620F9E05830070357D /* SettingsCell.m */,
				3A364D630F9E05830070357D /* SettingsCellView.h */,
				3A364D640F9E05840070357D /* SettingsCellView.m */,
			);
			name = Settings;
			sourceTree = "<group>";
		};
		3A4CC49A0FAC6C0700A833F8 /* Custom Views */ = {
			isa = PBXGroup;
			children = (
				3A4CC49D0FAC6C2300A833F8 /* RoundedLabelView.h */,
				3A4CC49E0FAC6C2300A833F8 /* RoundedLabelView.m */,
			);
			name = "Custom Views";
			sourceTree = "<group>";
		};
		3A692BC70F9F238200E30A2F /* Settings Icons */ = {
			isa = PBXGroup;
			children = (
				3A692BE00F9F23F700E30A2F /* your_infos.png */,
				3A692BDC0F9F23DF00E30A2F /* something_here.png */,
				3A692BD80F9F23D500E30A2F /* online_mode.png */,
				3A692BD40F9F23C200E30A2F /* online_credentials.png */,
				3A692BCF0F9F23B200E30A2F /* fact_types.png */,
			);
			name = "Settings Icons";
			sourceTree = "<group>";
		};
		3A9639240F8DBD0D00FB643F /* Utilities */ = {
			isa = PBXGroup;
			children = (
				3A9639270F8DBD2600FB643F /* CoreDataUtils.h */,
				3A9639280F8DBD2600FB643F /* CoreDataUtils.m */,
				3A9639290F8DBD2600FB643F /* mk.h */,
				3A96392A0F8DBD2600FB643F /* mk.m */,
				3A96392B0F8DBD2600FB643F /* Base64.h */,
				3A96392C0F8DBD2600FB643F /* Base64.m */,
				3A96392D0F8DBD2600FB643F /* NSHTTPCookieAdditions.h */,
				3A96392E0F8DBD2600FB643F /* NSHTTPCookieAdditions.m */,
			);
			name = Utilities;
			sourceTree = "<group>";
		};
		3A9639390F8DBD6400FB643F /* Reachibility */ = {
			isa = PBXGroup;
			children = (
				3A96393C0F8DBD9600FB643F /* Reachability.h */,
				3A96393D0F8DBD9600FB643F /* Reachability.m */,
			);
			name = Reachibility;
			sourceTree = "<group>";
		};
		3A9639410F8DBE0D00FB643F /* JSON */ = {
			isa = PBXGroup;
			children = (
				3A9639440F8DBE1D00FB643F /* JSON.h */,
				3A9639450F8DBE1D00FB643F /* SBJSON.h */,
				3A9639460F8DBE1D00FB643F /* SBJSON.m */,
				3A9639470F8DBE1E00FB643F /* SBJsonParser.m */,
				3A9639480F8DBE1E00FB643F /* SBJsonParser.h */,
				3A9639490F8DBE1E00FB643F /* SBJsonWriter.h */,
				3A96394A0F8DBE1E00FB643F /* SBJsonWriter.m */,
				3A96394B0F8DBE1E00FB643F /* SBJsonBase.h */,
				3A96394C0F8DBE1E00FB643F /* SBJsonBase.m */,
				3A96394D0F8DBE1E00FB643F /* NSString+SBJSON.h */,
				3A96394E0F8DBE1E00FB643F /* NSString+SBJSON.m */,
				3A96394F0F8DBE1E00FB643F /* NSObject+SBJSON.h */,
				3A9639500F8DBE1E00FB643F /* NSObject+SBJSON.m */,
			);
			name = JSON;
			sourceTree = "<group>";
		};
		3A96395B0F8DBEAE00FB643F /* Base Controllers */ = {
			isa = PBXGroup;
			children = (
				3A96395E0F8DBEC100FB643F /* BaseViewController.h */,
				3A96395F0F8DBEC100FB643F /* BaseViewController.m */,
				3AF9C9AF0F94C6AE00C29763 /* BaseFetchedViewController.h */,
				3AF9C9B00F94C6AE00C29763 /* BaseFetchedViewController.m */,
				3A9639600F8DBEC100FB643F /* BaseTableViewController.h */,
				3A9639610F8DBEC100FB643F /* BaseTableViewController.m */,
				3A9639620F8DBEC100FB643F /* BaseFetchedTableViewController.h */,
				3A9639630F8DBEC100FB643F /* BaseFetchedTableViewController.m */,
			);
			name = "Base Controllers";
			sourceTree = "<group>";
		};
		3A963A150F8DC9B600FB643F /* Controllers */ = {
			isa = PBXGroup;
			children = (
				3A963CF90F9344AE00FB643F /* Modal */,
				3A963A160F8DC9BF00FB643F /* Friends */,
			);
			name = Controllers;
			sourceTree = "<group>";
		};
		3A963A160F8DC9BF00FB643F /* Friends */ = {
			isa = PBXGroup;
			children = (
				3A963BCE0F931C9D00FB643F /* GroupsController.h */,
				3A963BCF0F931C9D00FB643F /* GroupsController.m */,
				3A963A120F8DC9AA00FB643F /* FriendsController.h */,
				3A963A130F8DC9AA00FB643F /* FriendsController.m */,
				3AF9C92C0F9498E700C29763 /* FriendDetailsController.h */,
				3AF9C92D0F9498E700C29763 /* FriendDetailsController.m */,
			);
			name = Friends;
			sourceTree = "<group>";
		};
		3A963A2B0F8DCAAD00FB643F /* Images */ = {
			isa = PBXGroup;
			children = (
				3A692BC70F9F238200E30A2F /* Settings Icons */,
				3AF7E1D20F9615E20082F751 /* Scroll Icons */,
				3AF9C9390F949AA100C29763 /* Toolbar */,
				3AF9C9380F949A9600C29763 /* FriendDetails */,
				3A963D000F93461D00FB643F /* Modal */,
				3A963C580F9328A400FB643F /* cells */,
				3A963A2E0F8DCABF00FB643F /* background.png */,
			);
			path = Images;
			sourceTree = "<group>";
		};
		3A963AB20F93117B00FB643F /* Model Class */ = {
			isa = PBXGroup;
			children = (
				3AB4721A0FB198F300955526 /* Fact.h */,
				3AB4721B0FB198F300955526 /* Fact.m */,
				3AB472410FB1A00600955526 /* FactType.h */,
				3AB472420FB1A00600955526 /* FactType.m */,
				3AF9C7660F94750100C29763 /* Group.h */,
				3AF9C7670F94750100C29763 /* Group.m */,
				3AB472430FB1A00600955526 /* Keyword.h */,
				3AB472440FB1A00600955526 /* Keyword.m */,
				3AF9C7680F94750100C29763 /* Person.h */,
				3AF9C7690F94750100C29763 /* Person.m */,
			);
			name = "Model Class";
			sourceTree = "<group>";
		};
		3A963C420F93271C00FB643F /* Custom Cell */ = {
			isa = PBXGroup;
			children = (
				3A364D230F9DFF050070357D /* Settings */,
				3A963C690F93292500FB643F /* TitleCell.h */,
				3A963C6A0F93292500FB643F /* TitleCell.m */,
				3A963C470F93273200FB643F /* TitleCellView.h */,
				3A963C480F93273200FB643F /* TitleCellView.m */,
				3AF9CA0B0F94CAF900C29763 /* TitleCellBlack.h */,
				3AF9CA0C0F94CAF900C29763 /* TitleCellBlack.m */,
				3AF9CA3A0F94CCE800C29763 /* TitleCellViewBlack.h */,
				3AF9CA3B0F94CCE800C29763 /* TitleCellViewBlack.m */,
				3A963C450F93273200FB643F /* TitleImageCell.h */,
				3A963C460F93273200FB643F /* TitleImageCell.m */,
				3A963C490F93273200FB643F /* TitleImageCellView.h */,
				3A963C4A0F93273200FB643F /* TitleImageCellView.m */,
				3A963C4B0F93273200FB643F /* BackgroundViewWithImage.h */,
				3A963C4C0F93273200FB643F /* BackgroundViewWithImage.m */,
				3A963C4D0F93273200FB643F /* AccessoryViewWithImage.h */,
				3A963C4E0F93273200FB643F /* AccessoryViewWithImage.m */,
			);
			name = "Custom Cell";
			sourceTree = "<group>";
		};
		3A963C580F9328A400FB643F /* cells */ = {
			isa = PBXGroup;
			children = (
				3A364D120F9DFE880070357D /* Settings */,
				3AF9C95D0F94C17800C29763 /* Black */,
				3AF9C95C0F94C16A00C29763 /* Gray */,
			);
			name = cells;
			sourceTree = "<group>";
		};
		3A963CF90F9344AE00FB643F /* Modal */ = {
			isa = PBXGroup;
			children = (
				3AF7EE120F9C92450082F751 /* Settings */,
				3AF7E3C20F9781D40082F751 /* Picker */,
				3A963CFA0F93455E00FB643F /* OneRowEditController.h */,
				3A963CFB0F93455E00FB643F /* OneRowEditController.m */,
				3AF7E68E0F98CC820082F751 /* FactOneRowEditController.h */,
				3AF7E68F0F98CC820082F751 /* FactOneRowEditController.m */,
				3AB472A70FB1B5DD00955526 /* KeywordView.h */,
				3AB472A80FB1B5DD00955526 /* KeywordView.m */,
			);
			name = Modal;
			sourceTree = "<group>";
		};
		3A963D000F93461D00FB643F /* Modal */ = {
			isa = PBXGroup;
			children = (
				3AF7E3280F977A3F0082F751 /* OneImage */,
				3AF7E3270F977A360082F751 /* OneRow */,
			);
			name = Modal;
			sourceTree = "<group>";
		};
		3AF7E1D20F9615E20082F751 /* Scroll Icons */ = {
			isa = PBXGroup;
			children = (
				3AF7E4A00F98698F0082F751 /* Black */,
				3AF7E1D30F9615FC0082F751 /* chat_icon.png */,
				3AF7E1D40F9615FC0082F751 /* find_icon.png */,
				3AF7E1D50F9615FC0082F751 /* link_icon.png */,
				3AF7E1D60F9615FC0082F751 /* pin_icon.png */,
				3AF7E1D70F9615FC0082F751 /* tree_icon.png */,
			);
			name = "Scroll Icons";
			sourceTree = "<group>";
		};
		3AF7E3270F977A360082F751 /* OneRow */ = {
			isa = PBXGroup;
			children = (
				3AB476000FB2A8CE00955526 /* keyword_delete.png */,
				3AB476010FB2A8CE00955526 /* keyword_delete_selected.png */,
				3A25AEAD0FA94A4000BCD866 /* keyword_background.png */,
				3AB4747D0FB28C3900955526 /* label_background.png */,
				3AB475C50FB2A31A00955526 /* label_background_selected.png */,
				3A963D3F0F934C9C00FB643F /* editingCellBackground.png */,
				3A963D050F93479600FB643F /* modalBorder.png */,
				3A963D030F9346C000FB643F /* editingCell.png */,
				3A963D010F93462A00FB643F /* modalBackground.png */,
			);
			name = OneRow;
			sourceTree = "<group>";
		};
		3AF7E3280F977A3F0082F751 /* OneImage */ = {
			isa = PBXGroup;
			children = (
				3AF7EC090F9C00150082F751 /* delete_big_top_right.png */,
				3AF7EC0A0F9C00150082F751 /* delete_big_top_right_selected.png */,
				3AF7E3300F977A650082F751 /* picker_image_placeholder.png */,
			);
			name = OneImage;
			sourceTree = "<group>";
		};
		3AF7E36E0F977D8A0082F751 /* Custom Objects */ = {
			isa = PBXGroup;
			children = (
				3AF7E3730F977E700082F751 /* TouchImageView.h */,
				3AF7E3740F977E700082F751 /* TouchImageView.m */,
				3AF7EAFD0F9BDC3D0082F751 /* TouchScrollView.h */,
				3AF7EAFE0F9BDC3D0082F751 /* TouchScrollView.m */,
			);
			name = "Custom Objects";
			sourceTree = "<group>";
		};
		3AF7E3C20F9781D40082F751 /* Picker */ = {
			isa = PBXGroup;
			children = (
				3AF7E2E60F9775BB0082F751 /* OneRowOneImageEditController.h */,
				3AF7E2E70F9775BB0082F751 /* OneRowOneImageEditController.m */,
				3AF7E4320F9862D90082F751 /* OneImagePickerItem.h */,
				3AF7E4330F9862D90082F751 /* OneImagePickerItem.m */,
			);
			name = Picker;
			sourceTree = "<group>";
		};
		3AF7E4A00F98698F0082F751 /* Black */ = {
			isa = PBXGroup;
			children = (
				3AF7E4A10F9869B70082F751 /* chat_icon_black.png */,
				3AF7E4A20F9869B70082F751 /* find_icon_black.png */,
				3AF7E4A30F9869B70082F751 /* link_icon_black.png */,
				3AF7E4A40F9869B70082F751 /* pin_icon_black.png */,
				3AF7E4A50F9869B70082F751 /* tree_icon_black.png */,
			);
			name = Black;
			sourceTree = "<group>";
		};
		3AF7EE120F9C92450082F751 /* Settings */ = {
			isa = PBXGroup;
			children = (
				3AF7EE130F9C927D0082F751 /* SettingsController.h */,
				3AF7EE140F9C927D0082F751 /* SettingsController.m */,
				3A25E1740F9F35B000591131 /* SettingsFactTypesController.h */,
				3A25E1750F9F35B000591131 /* SettingsFactTypesController.m */,
			);
			name = Settings;
			sourceTree = "<group>";
		};
		3AF9C9380F949A9600C29763 /* FriendDetails */ = {
			isa = PBXGroup;
			children = (
				3AF7EA970F9B4E380082F751 /* delete_top_right.png */,
				3AF7EA980F9B4E380082F751 /* delete_top_right_selected.png */,
				3AF9CA060F94C9E200C29763 /* friendsDetails_bottom_background.png */,
				3AF9C9580F94BE9300C29763 /* friendsDetails_left.png */,
				3AF9C9590F94BE9300C29763 /* friendsDetails_right.png */,
				3AF9C9560F94BD1F00C29763 /* friendsDetails_top.png */,
			);
			name = FriendDetails;
			sourceTree = "<group>";
		};
		3AF9C9390F949AA100C29763 /* Toolbar */ = {
			isa = PBXGroup;
			children = (
				3A3B50110F943AE5004ECC37 /* toolbar_settings.png */,
				3AF7E1420F95F7EB0082F751 /* toolbar_friends.png */,
				3AF7E1430F95F7EB0082F751 /* toolbar_map.png */,
			);
			name = Toolbar;
			sourceTree = "<group>";
		};
		3AF9C95C0F94C16A00C29763 /* Gray */ = {
			isa = PBXGroup;
			children = (
				3A25E1D60FA007B200591131 /* empty_friend.png */,
				3AF7ECC30F9C42C30082F751 /* imageCell_mask.tif */,
				3AF9C8C50F9485F800C29763 /* imageCell.png */,
				3A963C590F9328B700FB643F /* accessoryDark.png */,
				3A963C5B0F9328B700FB643F /* itemView.png */,
				3A963C5C0F9328B700FB643F /* itemView_pressed.png */,
			);
			name = Gray;
			sourceTree = "<group>";
		};
		3AF9C95D0F94C17800C29763 /* Black */ = {
			isa = PBXGroup;
			children = (
				3AF9CA940F94FB0600C29763 /* itemView_black_selected.png */,
				3AF9C96A0F94C2DF00C29763 /* itemView_black.png */,
				3A963C5A0F9328B700FB643F /* accessoryLight.png */,
			);
			name = Black;
			sourceTree = "<group>";
		};
/* End PBXGroup section */

/* Begin PBXNativeTarget section */
		1D6058900D05DD3D006BFB54 /* ForgetMeNot */ = {
			isa = PBXNativeTarget;
			buildConfigurationList = 1D6058960D05DD3E006BFB54 /* Build configuration list for PBXNativeTarget "ForgetMeNot" */;
			buildPhases = (
				1D60588D0D05DD3D006BFB54 /* Resources */,
				1D60588E0D05DD3D006BFB54 /* Sources */,
				1D60588F0D05DD3D006BFB54 /* Frameworks */,
			);
			buildRules = (
			);
			dependencies = (
			);
			name = ForgetMeNot;
			productName = ForgetMeNot;
			productReference = 1D6058910D05DD3D006BFB54 /* ForgetMeNot.app */;
			productType = "com.apple.product-type.application";
		};
/* End PBXNativeTarget section */

/* Begin PBXProject section */
		29B97313FDCFA39411CA2CEA /* Project object */ = {
			isa = PBXProject;
			buildConfigurationList = C01FCF4E08A954540054247B /* Build configuration list for PBXProject "ForgetMeNot" */;
			compatibilityVersion = "Xcode 3.1";
			hasScannedForEncodings = 1;
			knownRegions = (
				English,
				Japanese,
				French,
				German,
				en,
			);
			mainGroup = 29B97314FDCFA39411CA2CEA /* CustomTemplate */;
			projectDirPath = "";
			projectRoot = "";
			targets = (
				1D6058900D05DD3D006BFB54 /* ForgetMeNot */,
			);
		};
/* End PBXProject section */

/* Begin PBXResourcesBuildPhase section */
		1D60588D0D05DD3D006BFB54 /* Resources */ = {
			isa = PBXResourcesBuildPhase;
			buildActionMask = 2147483647;
			files = (
				28AD73600D9D9599002E5188 /* MainWindow.xib in Resources */,
				3A963A180F8DCA0A00FB643F /* FriendsController.xib in Resources */,
				3A963A2F0F8DCABF00FB643F /* background.png in Resources */,
				3A963BD40F931E3800FB643F /* GroupsController.xib in Resources */,
				3A963C5D0F9328B700FB643F /* accessoryDark.png in Resources */,
				3A963C5E0F9328B700FB643F /* accessoryLight.png in Resources */,
				3A963C5F0F9328B700FB643F /* itemView.png in Resources */,
				3A963C600F9328B700FB643F /* itemView_pressed.png in Resources */,
				3A963CFE0F93458800FB643F /* OneRowEditController.xib in Resources */,
				3A963D020F93462A00FB643F /* modalBackground.png in Resources */,
				3A963D040F9346C000FB643F /* editingCell.png in Resources */,
				3A963D060F93479600FB643F /* modalBorder.png in Resources */,
				3A963D400F934C9C00FB643F /* editingCellBackground.png in Resources */,
				3A3B50120F943AE5004ECC37 /* toolbar_settings.png in Resources */,
				3AF9C8C60F9485F800C29763 /* imageCell.png in Resources */,
				3AF9C9300F9499E600C29763 /* FriendDetailsController.xib in Resources */,
				3AF9C9570F94BD1F00C29763 /* friendsDetails_top.png in Resources */,
				3AF9C95A0F94BE9300C29763 /* friendsDetails_left.png in Resources */,
				3AF9C95B0F94BE9300C29763 /* friendsDetails_right.png in Resources */,
				3AF9C96B0F94C2DF00C29763 /* itemView_black.png in Resources */,
				3AF9CA070F94C9E200C29763 /* friendsDetails_bottom_background.png in Resources */,
				3AF9CA950F94FB0600C29763 /* itemView_black_selected.png in Resources */,
				3AF7E1440F95F7EB0082F751 /* toolbar_friends.png in Resources */,
				3AF7E1450F95F7EB0082F751 /* toolbar_map.png in Resources */,
				3AF7E1D80F9615FC0082F751 /* chat_icon.png in Resources */,
				3AF7E1D90F9615FC0082F751 /* find_icon.png in Resources */,
				3AF7E1DA0F9615FC0082F751 /* link_icon.png in Resources */,
				3AF7E1DB0F9615FC0082F751 /* pin_icon.png in Resources */,
				3AF7E1DC0F9615FC0082F751 /* tree_icon.png in Resources */,
				3AF7E2EA0F9775CF0082F751 /* OneRowOneImageEditController.xib in Resources */,
				3AF7E3320F977A650082F751 /* picker_image_placeholder.png in Resources */,
				3AF7E4A60F9869B70082F751 /* chat_icon_black.png in Resources */,
				3AF7E4A70F9869B70082F751 /* find_icon_black.png in Resources */,
				3AF7E4A80F9869B70082F751 /* link_icon_black.png in Resources */,
				3AF7E4A90F9869B70082F751 /* pin_icon_black.png in Resources */,
				3AF7E4AA0F9869B70082F751 /* tree_icon_black.png in Resources */,
				3AF7EA990F9B4E380082F751 /* delete_top_right.png in Resources */,
				3AF7EA9A0F9B4E380082F751 /* delete_top_right_selected.png in Resources */,
				3AF7EC0B0F9C00150082F751 /* delete_big_top_right.png in Resources */,
				3AF7EC0C0F9C00150082F751 /* delete_big_top_right_selected.png in Resources */,
				3AF7ECC40F9C42C30082F751 /* imageCell_mask.tif in Resources */,
				3AF7EE2C0F9C946D0082F751 /* SettingsController.xib in Resources */,
				3A364D1B0F9DFEA80070357D /* settings_cell_bottom.png in Resources */,
				3A364D1C0F9DFEA80070357D /* settings_cell_bottom_selected.png in Resources */,
				3A364D1D0F9DFEA80070357D /* settings_cell_middle.png in Resources */,
				3A364D1E0F9DFEA80070357D /* settings_cell_middle_selected.png in Resources */,
				3A364D1F0F9DFEA80070357D /* settings_cell_top.png in Resources */,
				3A364D200F9DFEA80070357D /* settings_cell_top_selected.png in Resources */,
				3A364D210F9DFEA80070357D /* settings_cell_unique.png in Resources */,
				3A364D220F9DFEA80070357D /* settings_cell_unique_selected.png in Resources */,
				3A52423C0F9E11810071C6C0 /* settings_arrow.png in Resources */,
				3A692BD10F9F23B200E30A2F /* fact_types.png in Resources */,
				3A692BD50F9F23C200E30A2F /* online_credentials.png in Resources */,
				3A692BD90F9F23D500E30A2F /* online_mode.png in Resources */,
				3A692BDD0F9F23DF00E30A2F /* something_here.png in Resources */,
				3A692BE10F9F23F700E30A2F /* your_infos.png in Resources */,
				3A25E1790F9F35F300591131 /* SettingsFactTypesController.xib in Resources */,
				3A25E1D70FA007B200591131 /* empty_friend.png in Resources */,
				3A25AEAE0FA94A4000BCD866 /* keyword_background.png in Resources */,
				3AB472900FB1A3F700955526 /* ForgetMeNot.sqlite in Resources */,
				3AB472A10FB1A81A00955526 /* FactOneRowEditController.xib in Resources */,
				3AB4747E0FB28C3900955526 /* label_background.png in Resources */,
				3AB475C60FB2A31A00955526 /* label_background_selected.png in Resources */,
				3AB476020FB2A8CE00955526 /* keyword_delete.png in Resources */,
				3AB476030FB2A8CE00955526 /* keyword_delete_selected.png in Resources */,
			);
			runOnlyForDeploymentPostprocessing = 0;
		};
/* End PBXResourcesBuildPhase section */

/* Begin PBXSourcesBuildPhase section */
		1D60588E0D05DD3D006BFB54 /* Sources */ = {
			isa = PBXSourcesBuildPhase;
			buildActionMask = 2147483647;
			files = (
				1D60589B0D05DD56006BFB54 /* main.m in Sources */,
				1D3623260D0F684500981E51 /* ForgetMeNotAppDelegate.m in Sources */,
				3A96392F0F8DBD2600FB643F /* CoreDataUtils.m in Sources */,
				3A9639300F8DBD2600FB643F /* mk.m in Sources */,
				3A9639310F8DBD2600FB643F /* Base64.m in Sources */,
				3A9639320F8DBD2600FB643F /* NSHTTPCookieAdditions.m in Sources */,
				3A96393E0F8DBD9600FB643F /* Reachability.m in Sources */,
				3A9639510F8DBE1E00FB643F /* SBJSON.m in Sources */,
				3A9639520F8DBE1E00FB643F /* SBJsonParser.m in Sources */,
				3A9639530F8DBE1E00FB643F /* SBJsonWriter.m in Sources */,
				3A9639540F8DBE1E00FB643F /* SBJsonBase.m in Sources */,
				3A9639550F8DBE1E00FB643F /* NSString+SBJSON.m in Sources */,
				3A9639560F8DBE1E00FB643F /* NSObject+SBJSON.m in Sources */,
				3A9639640F8DBEC100FB643F /* BaseViewController.m in Sources */,
				3A9639650F8DBEC100FB643F /* BaseTableViewController.m in Sources */,
				3A9639660F8DBEC100FB643F /* BaseFetchedTableViewController.m in Sources */,
				3A9639E40F8DC7CA00FB643F /* ForgetMeNot.xcdatamodel in Sources */,
				3A963A140F8DC9AA00FB643F /* FriendsController.m in Sources */,
				3A963BD00F931C9D00FB643F /* GroupsController.m in Sources */,
				3A963C4F0F93273200FB643F /* TitleImageCell.m in Sources */,
				3A963C500F93273200FB643F /* TitleCellView.m in Sources */,
				3A963C510F93273200FB643F /* TitleImageCellView.m in Sources */,
				3A963C520F93273200FB643F /* BackgroundViewWithImage.m in Sources */,
				3A963C530F93273200FB643F /* AccessoryViewWithImage.m in Sources */,
				3A963C6B0F93292500FB643F /* TitleCell.m in Sources */,
				3A963CFC0F93455E00FB643F /* OneRowEditController.m in Sources */,
				3AF9C76A0F94750100C29763 /* Group.m in Sources */,
				3AF9C76B0F94750100C29763 /* Person.m in Sources */,
				3AF9C92E0F9498E700C29763 /* FriendDetailsController.m in Sources */,
				3AF9C9B10F94C6AE00C29763 /* BaseFetchedViewController.m in Sources */,
				3AF9CA0D0F94CAF900C29763 /* TitleCellBlack.m in Sources */,
				3AF9CA3C0F94CCE800C29763 /* TitleCellViewBlack.m in Sources */,
				3AF7E2E80F9775BB0082F751 /* OneRowOneImageEditController.m in Sources */,
				3AF7E3750F977E700082F751 /* TouchImageView.m in Sources */,
				3AF7E4340F9862D90082F751 /* OneImagePickerItem.m in Sources */,
				3AF7E6900F98CC820082F751 /* FactOneRowEditController.m in Sources */,
				3AF7EAFF0F9BDC3D0082F751 /* TouchScrollView.m in Sources */,
				3AF7EE150F9C927D0082F751 /* SettingsController.m in Sources */,
				3A364D650F9E05840070357D /* SettingsCell.m in Sources */,
				3A364D660F9E05840070357D /* SettingsCellView.m in Sources */,
				3A25E1760F9F35B000591131 /* SettingsFactTypesController.m in Sources */,
				3A4CC49F0FAC6C2300A833F8 /* RoundedLabelView.m in Sources */,
				3AB4721E0FB198F300955526 /* Fact.m in Sources */,
				3AB472450FB1A00600955526 /* FactType.m in Sources */,
				3AB472460FB1A00600955526 /* Keyword.m in Sources */,
				3AB472A90FB1B5DD00955526 /* KeywordView.m in Sources */,
			);
			runOnlyForDeploymentPostprocessing = 0;
		};
/* End PBXSourcesBuildPhase section */

/* Begin XCBuildConfiguration section */
		1D6058940D05DD3E006BFB54 /* Debug */ = {
			isa = XCBuildConfiguration;
			buildSettings = {
				ALWAYS_SEARCH_USER_PATHS = NO;
				COPY_PHASE_STRIP = NO;
				GCC_DYNAMIC_NO_PIC = NO;
				GCC_OPTIMIZATION_LEVEL = 0;
				GCC_PRECOMPILE_PREFIX_HEADER = YES;
				GCC_PREFIX_HEADER = ForgetMeNot_Prefix.pch;
				INFOPLIST_FILE = "ForgetMeNot-Info.plist";
				OTHER_CFLAGS = "-DDEBUG";
				PRODUCT_NAME = ForgetMeNot;
			};
			name = Debug;
		};
		1D6058950D05DD3E006BFB54 /* Release */ = {
			isa = XCBuildConfiguration;
			buildSettings = {
				ALWAYS_SEARCH_USER_PATHS = NO;
				COPY_PHASE_STRIP = YES;
				GCC_PRECOMPILE_PREFIX_HEADER = YES;
				GCC_PREFIX_HEADER = ForgetMeNot_Prefix.pch;
				INFOPLIST_FILE = "ForgetMeNot-Info.plist";
				PRODUCT_NAME = ForgetMeNot;
			};
			name = Release;
		};
		3A9638410F8DB8ED00FB643F /* Adhoc */ = {
			isa = XCBuildConfiguration;
			buildSettings = {
				ARCHS = "$(ARCHS_STANDARD_32_BIT)";
				"CODE_SIGN_IDENTITY[sdk=iphoneos*]" = "iPhone Developer";
				GCC_C_LANGUAGE_STANDARD = c99;
				GCC_WARN_ABOUT_RETURN_TYPE = YES;
				GCC_WARN_UNUSED_VARIABLE = YES;
				PREBINDING = NO;
				SDKROOT = iphoneos3.0;
			};
			name = Adhoc;
		};
		3A9638420F8DB8ED00FB643F /* Adhoc */ = {
			isa = XCBuildConfiguration;
			buildSettings = {
				ALWAYS_SEARCH_USER_PATHS = NO;
				COPY_PHASE_STRIP = YES;
				GCC_PRECOMPILE_PREFIX_HEADER = YES;
				GCC_PREFIX_HEADER = ForgetMeNot_Prefix.pch;
				INFOPLIST_FILE = "ForgetMeNot-Info.plist";
				PRODUCT_NAME = ForgetMeNot;
			};
			name = Adhoc;
		};
		3A9638430F8DB8F300FB643F /* Distribution */ = {
			isa = XCBuildConfiguration;
			buildSettings = {
				ARCHS = "$(ARCHS_STANDARD_32_BIT)";
				"CODE_SIGN_IDENTITY[sdk=iphoneos*]" = "iPhone Developer";
				GCC_C_LANGUAGE_STANDARD = c99;
				GCC_WARN_ABOUT_RETURN_TYPE = YES;
				GCC_WARN_UNUSED_VARIABLE = YES;
				PREBINDING = NO;
				SDKROOT = iphoneos3.0;
			};
			name = Distribution;
		};
		3A9638440F8DB8F300FB643F /* Distribution */ = {
			isa = XCBuildConfiguration;
			buildSettings = {
				ALWAYS_SEARCH_USER_PATHS = NO;
				COPY_PHASE_STRIP = YES;
				GCC_PRECOMPILE_PREFIX_HEADER = YES;
				GCC_PREFIX_HEADER = ForgetMeNot_Prefix.pch;
				INFOPLIST_FILE = "ForgetMeNot-Info.plist";
				PRODUCT_NAME = ForgetMeNot;
			};
			name = Distribution;
		};
		3A9639CF0F8DC42900FB643F /* Debug Anthony Mittaz */ = {
			isa = XCBuildConfiguration;
			buildSettings = {
				ARCHS = "$(ARCHS_STANDARD_32_BIT)";
				"CODE_SIGN_IDENTITY[sdk=iphoneos*]" = "iPhone Developer";
				GCC_C_LANGUAGE_STANDARD = c99;
				GCC_WARN_ABOUT_RETURN_TYPE = YES;
				GCC_WARN_UNUSED_VARIABLE = YES;
				ONLY_ACTIVE_ARCH = YES;
				PREBINDING = NO;
				SDKROOT = iphoneos3.0;
			};
			name = "Debug Anthony Mittaz";
		};
		3A9639D00F8DC42900FB643F /* Debug Anthony Mittaz */ = {
			isa = XCBuildConfiguration;
			buildSettings = {
				ALWAYS_SEARCH_USER_PATHS = NO;
				"CODE_SIGN_IDENTITY[sdk=iphoneos*]" = "iPhone Developer";
				COPY_PHASE_STRIP = NO;
				GCC_DYNAMIC_NO_PIC = NO;
				GCC_OPTIMIZATION_LEVEL = 0;
				GCC_PRECOMPILE_PREFIX_HEADER = YES;
				GCC_PREFIX_HEADER = ForgetMeNot_Prefix.pch;
				INFOPLIST_FILE = "ForgetMeNot-Info.plist";
				OTHER_CFLAGS = "-DDEBUG";
				PRODUCT_NAME = ForgetMeNot;
				"PROVISIONING_PROFILE[sdk=iphoneos*]" = "";
			};
			name = "Debug Anthony Mittaz";
		};
		C01FCF4F08A954540054247B /* Debug */ = {
			isa = XCBuildConfiguration;
			buildSettings = {
				ARCHS = "$(ARCHS_STANDARD_32_BIT)";
				"CODE_SIGN_IDENTITY[sdk=iphoneos*]" = "iPhone Developer";
				GCC_C_LANGUAGE_STANDARD = c99;
				GCC_WARN_ABOUT_RETURN_TYPE = YES;
				GCC_WARN_UNUSED_VARIABLE = YES;
				ONLY_ACTIVE_ARCH = YES;
				PREBINDING = NO;
				SDKROOT = iphoneos3.0;
			};
			name = Debug;
		};
		C01FCF5008A954540054247B /* Release */ = {
			isa = XCBuildConfiguration;
			buildSettings = {
				ARCHS = "$(ARCHS_STANDARD_32_BIT)";
				"CODE_SIGN_IDENTITY[sdk=iphoneos*]" = "iPhone Developer";
				GCC_C_LANGUAGE_STANDARD = c99;
				GCC_WARN_ABOUT_RETURN_TYPE = YES;
				GCC_WARN_UNUSED_VARIABLE = YES;
				PREBINDING = NO;
				SDKROOT = iphoneos3.0;
			};
			name = Release;
		};
/* End XCBuildConfiguration section */

/* Begin XCConfigurationList section */
		1D6058960D05DD3E006BFB54 /* Build configuration list for PBXNativeTarget "ForgetMeNot" */ = {
			isa = XCConfigurationList;
			buildConfigurations = (
				1D6058940D05DD3E006BFB54 /* Debug */,
				3A9639D00F8DC42900FB643F /* Debug Anthony Mittaz */,
				1D6058950D05DD3E006BFB54 /* Release */,
				3A9638420F8DB8ED00FB643F /* Adhoc */,
				3A9638440F8DB8F300FB643F /* Distribution */,
			);
			defaultConfigurationIsVisible = 0;
			defaultConfigurationName = Release;
		};
		C01FCF4E08A954540054247B /* Build configuration list for PBXProject "ForgetMeNot" */ = {
			isa = XCConfigurationList;
			buildConfigurations = (
				C01FCF4F08A954540054247B /* Debug */,
				3A9639CF0F8DC42900FB643F /* Debug Anthony Mittaz */,
				C01FCF5008A954540054247B /* Release */,
				3A9638410F8DB8ED00FB643F /* Adhoc */,
				3A9638430F8DB8F300FB643F /* Distribution */,
			);
			defaultConfigurationIsVisible = 0;
			defaultConfigurationName = Release;
		};
/* End XCConfigurationList section */
	};
	rootObject = 29B97313FDCFA39411CA2CEA /* Project object */;
}
